// !$*UTF8*$!
{
	archiveVersion = 1;
	classes = {
	};
	objectVersion = 51;
	objects = {

/* Begin PBXBuildFile section */
		036507B6D29BDC32B5FE56BE /* Pods_BaseFramework.framework in Frameworks */ = {isa = PBXBuildFile; fileRef = B321C059C7DF8E283DE11269 /* Pods_BaseFramework.framework */; };
		0401A3DA23CFF95A00D57346 /* HKStartAnimationView.swift in Sources */ = {isa = PBXBuildFile; fileRef = 0401A3D923CFF95A00D57346 /* HKStartAnimationView.swift */; };
		0401A3DC23CFFF1D00D57346 /* launch_image1.gif in Resources */ = {isa = PBXBuildFile; fileRef = 0401A3DB23CFFF1D00D57346 /* launch_image1.gif */; };
		0410BCBF23CC5B0C00875FDE /* HKAccontCell.swift in Sources */ = {isa = PBXBuildFile; fileRef = 0410BCBE23CC5B0C00875FDE /* HKAccontCell.swift */; };
		0410BCC123CC665700875FDE /* Cell.swift in Sources */ = {isa = PBXBuildFile; fileRef = 0410BCC023CC665700875FDE /* Cell.swift */; };
		0412E72723D526F900BC542D /* UIButton_EdgeInsetsStyle.m in Sources */ = {isa = PBXBuildFile; fileRef = 0412E72623D526F900BC542D /* UIButton_EdgeInsetsStyle.m */; };
		0412E72923D5371900BC542D /* DHHomeFootView.swift in Sources */ = {isa = PBXBuildFile; fileRef = 0412E72823D5371900BC542D /* DHHomeFootView.swift */; };
		042511832418AAF800A4734F /* HKDarkModeConfig.swift in Sources */ = {isa = PBXBuildFile; fileRef = 042511822418AAF800A4734F /* HKDarkModeConfig.swift */; };
		042511892418DB1700A4734F /* HKThemeColor.swift in Sources */ = {isa = PBXBuildFile; fileRef = 042511882418DB1700A4734F /* HKThemeColor.swift */; };
		0425118B2418DBD800A4734F /* HKThemes.swift in Sources */ = {isa = PBXBuildFile; fileRef = 0425118A2418DBD800A4734F /* HKThemes.swift */; };
		043E6FBF24186976000033BF /* DHUserBaseClass.swift in Sources */ = {isa = PBXBuildFile; fileRef = 043E6FBE24186976000033BF /* DHUserBaseClass.swift */; };
		043E6FC424186DC9000033BF /* HKUserModell.swift in Sources */ = {isa = PBXBuildFile; fileRef = 043E6FC324186DC9000033BF /* HKUserModell.swift */; };
		04476478239931F1005A4DFE /* HKAppManager.swift in Sources */ = {isa = PBXBuildFile; fileRef = 04476477239931F1005A4DFE /* HKAppManager.swift */; };
		0447647C23993308005A4DFE /* HKConfigPCH.swift in Sources */ = {isa = PBXBuildFile; fileRef = 0447647B23993308005A4DFE /* HKConfigPCH.swift */; };
		0447647F23993457005A4DFE /* HKNavigationController.swift in Sources */ = {isa = PBXBuildFile; fileRef = 0447647E23993457005A4DFE /* HKNavigationController.swift */; };
		04476481239934EF005A4DFE /* LoginViewController.swift in Sources */ = {isa = PBXBuildFile; fileRef = 04476480239934EF005A4DFE /* LoginViewController.swift */; };
		0447648323993543005A4DFE /* HKBaseViewController.swift in Sources */ = {isa = PBXBuildFile; fileRef = 0447648223993543005A4DFE /* HKBaseViewController.swift */; };
		0447648523993572005A4DFE /* HomeViewController.swift in Sources */ = {isa = PBXBuildFile; fileRef = 0447648423993572005A4DFE /* HomeViewController.swift */; };
		0447648723993599005A4DFE /* SecondViewController.swift in Sources */ = {isa = PBXBuildFile; fileRef = 0447648623993599005A4DFE /* SecondViewController.swift */; };
		04476489239935BA005A4DFE /* ThreeViewController.swift in Sources */ = {isa = PBXBuildFile; fileRef = 04476488239935BA005A4DFE /* ThreeViewController.swift */; };
		0447648B239935DB005A4DFE /* FourViewControlller.swift in Sources */ = {isa = PBXBuildFile; fileRef = 0447648A239935DB005A4DFE /* FourViewControlller.swift */; };
		0447649C2399379E005A4DFE /* Ext+UITextField.swift in Sources */ = {isa = PBXBuildFile; fileRef = 044764952399379E005A4DFE /* Ext+UITextField.swift */; };
		0447649D2399379E005A4DFE /* Ext+UIDevice.swift in Sources */ = {isa = PBXBuildFile; fileRef = 044764962399379E005A4DFE /* Ext+UIDevice.swift */; };
		0447649E2399379E005A4DFE /* Ext+UIColor.swift in Sources */ = {isa = PBXBuildFile; fileRef = 044764972399379E005A4DFE /* Ext+UIColor.swift */; };
		0447649F2399379E005A4DFE /* Ext+UIButton.swift in Sources */ = {isa = PBXBuildFile; fileRef = 044764982399379E005A4DFE /* Ext+UIButton.swift */; };
		044764A02399379E005A4DFE /* Ext+UIView.swift in Sources */ = {isa = PBXBuildFile; fileRef = 044764992399379E005A4DFE /* Ext+UIView.swift */; };
		044764A12399379E005A4DFE /* Ext+CGFloat.swift in Sources */ = {isa = PBXBuildFile; fileRef = 0447649A2399379E005A4DFE /* Ext+CGFloat.swift */; };
		044764A22399379E005A4DFE /* Ext+UIImage.swift in Sources */ = {isa = PBXBuildFile; fileRef = 0447649B2399379E005A4DFE /* Ext+UIImage.swift */; };
		044764A523993994005A4DFE /* HKProgressHUD.swift in Sources */ = {isa = PBXBuildFile; fileRef = 044764A423993994005A4DFE /* HKProgressHUD.swift */; };
		044764A923993A2B005A4DFE /* HKLabel.swift in Sources */ = {isa = PBXBuildFile; fileRef = 044764A723993A2B005A4DFE /* HKLabel.swift */; };
		044764AA23993A2B005A4DFE /* HKButton.swift in Sources */ = {isa = PBXBuildFile; fileRef = 044764A823993A2B005A4DFE /* HKButton.swift */; };
		044764AD23993AFF005A4DFE /* BaseRequestURL.swift in Sources */ = {isa = PBXBuildFile; fileRef = 044764AC23993AFF005A4DFE /* BaseRequestURL.swift */; };
		044764B123993BC9005A4DFE /* HKAPIManager.swift in Sources */ = {isa = PBXBuildFile; fileRef = 044764B023993BC9005A4DFE /* HKAPIManager.swift */; };
		04477F30239A3A9D0044B7C4 /* Localizable.strings in Resources */ = {isa = PBXBuildFile; fileRef = 04477F27239A3A9D0044B7C4 /* Localizable.strings */; };
		04477F31239A3A9D0044B7C4 /* ESTabBarItemMoreContentView.swift in Sources */ = {isa = PBXBuildFile; fileRef = 04477F29239A3A9D0044B7C4 /* ESTabBarItemMoreContentView.swift */; };
		04477F32239A3A9D0044B7C4 /* ESTabBarController.swift in Sources */ = {isa = PBXBuildFile; fileRef = 04477F2A239A3A9D0044B7C4 /* ESTabBarController.swift */; };
		04477F33239A3A9D0044B7C4 /* ESTabBarItemContentView.swift in Sources */ = {isa = PBXBuildFile; fileRef = 04477F2B239A3A9D0044B7C4 /* ESTabBarItemContentView.swift */; };
		04477F34239A3A9D0044B7C4 /* ESTabBarItem.swift in Sources */ = {isa = PBXBuildFile; fileRef = 04477F2C239A3A9D0044B7C4 /* ESTabBarItem.swift */; };
		04477F35239A3A9D0044B7C4 /* ESTabBarItemBadgeView.swift in Sources */ = {isa = PBXBuildFile; fileRef = 04477F2D239A3A9D0044B7C4 /* ESTabBarItemBadgeView.swift */; };
		04477F36239A3A9D0044B7C4 /* ESTabBar.swift in Sources */ = {isa = PBXBuildFile; fileRef = 04477F2E239A3A9D0044B7C4 /* ESTabBar.swift */; };
		04477F37239A3A9D0044B7C4 /* ESTabBarItemContainer.swift in Sources */ = {isa = PBXBuildFile; fileRef = 04477F2F239A3A9D0044B7C4 /* ESTabBarItemContainer.swift */; };
		04477F41239A46950044B7C4 /* ExampleBouncesContentView.swift in Sources */ = {isa = PBXBuildFile; fileRef = 04477F3A239A46940044B7C4 /* ExampleBouncesContentView.swift */; };
		04477F43239A46950044B7C4 /* ExampleBasicContentView.swift in Sources */ = {isa = PBXBuildFile; fileRef = 04477F3C239A46940044B7C4 /* ExampleBasicContentView.swift */; };
		04507C1423A22A730086FE85 /* BaseModel.swift in Sources */ = {isa = PBXBuildFile; fileRef = 04507C1323A22A730086FE85 /* BaseModel.swift */; };
		04507C1723A22B560086FE85 /* HKUserModel.swift in Sources */ = {isa = PBXBuildFile; fileRef = 04507C1623A22B560086FE85 /* HKUserModel.swift */; };
		04507C1923A22C770086FE85 /* HKTool.swift in Sources */ = {isa = PBXBuildFile; fileRef = 04507C1823A22C770086FE85 /* HKTool.swift */; };
		04507C2623A357BC0086FE85 /* area.plist in Resources */ = {isa = PBXBuildFile; fileRef = 04507C1C23A357BC0086FE85 /* area.plist */; };
		04507C2723A357BC0086FE85 /* EWAddressModel.swift in Sources */ = {isa = PBXBuildFile; fileRef = 04507C1D23A357BC0086FE85 /* EWAddressModel.swift */; };
		04507C2823A357BC0086FE85 /* EWAddressPickViewTableViewCell.swift in Sources */ = {isa = PBXBuildFile; fileRef = 04507C1E23A357BC0086FE85 /* EWAddressPickViewTableViewCell.swift */; };
		04507C2923A357BC0086FE85 /* EWAddressPickView.swift in Sources */ = {isa = PBXBuildFile; fileRef = 04507C1F23A357BC0086FE85 /* EWAddressPickView.swift */; };
		04507C2A23A357BC0086FE85 /* EWAddressViewController.swift in Sources */ = {isa = PBXBuildFile; fileRef = 04507C2023A357BC0086FE85 /* EWAddressViewController.swift */; };
		04507C2B23A357BC0086FE85 /* EWAddressPresentAnimated.swift in Sources */ = {isa = PBXBuildFile; fileRef = 04507C2123A357BC0086FE85 /* EWAddressPresentAnimated.swift */; };
		04507C3523A35F4E0086FE85 /* LYPopMenuCell.swift in Sources */ = {isa = PBXBuildFile; fileRef = 04507C3023A35F4E0086FE85 /* LYPopMenuCell.swift */; };
		04507C3623A35F4E0086FE85 /* LYPopMenuView.swift in Sources */ = {isa = PBXBuildFile; fileRef = 04507C3123A35F4E0086FE85 /* LYPopMenuView.swift */; };
		04507C3723A35F4E0086FE85 /* UIView+Rect.swift in Sources */ = {isa = PBXBuildFile; fileRef = 04507C3223A35F4E0086FE85 /* UIView+Rect.swift */; };
		04507C3823A35F4E0086FE85 /* LYPopMenuModel.swift in Sources */ = {isa = PBXBuildFile; fileRef = 04507C3323A35F4E0086FE85 /* LYPopMenuModel.swift */; };
		04507C3923A35F4E0086FE85 /* LYPopMenuStyle.swift in Sources */ = {isa = PBXBuildFile; fileRef = 04507C3423A35F4E0086FE85 /* LYPopMenuStyle.swift */; };
		04A80ABE239E437300541C7D /* UIView+BlockGesture.m in Sources */ = {isa = PBXBuildFile; fileRef = 04A80ABC239E437300541C7D /* UIView+BlockGesture.m */; };
		04A80AC0239E462400541C7D /* SecondPushView.swift in Sources */ = {isa = PBXBuildFile; fileRef = 04A80ABF239E462400541C7D /* SecondPushView.swift */; };
		04A80AC6239F20D400541C7D /* HKImageView.swift in Sources */ = {isa = PBXBuildFile; fileRef = 04A80AC5239F20D400541C7D /* HKImageView.swift */; };
		04A80AC8239F2BFA00541C7D /* AppStyleConfiguration.swift in Sources */ = {isa = PBXBuildFile; fileRef = 04A80AC7239F2BFA00541C7D /* AppStyleConfiguration.swift */; };
		04A80ACB239F33F700541C7D /* UITextField+Blocks.m in Sources */ = {isa = PBXBuildFile; fileRef = 04A80ACA239F33F700541C7D /* UITextField+Blocks.m */; };
		04A80ACE239F33FE00541C7D /* UILabel+ChangeLineSpaceAndWordSpace.m in Sources */ = {isa = PBXBuildFile; fileRef = 04A80ACD239F33FE00541C7D /* UILabel+ChangeLineSpaceAndWordSpace.m */; };
		04A80AD9239F8B2200541C7D /* HKNSRange+String.swift in Sources */ = {isa = PBXBuildFile; fileRef = 04A80AD8239F8B2200541C7D /* HKNSRange+String.swift */; };
		04F38F8423D41E8500A9598E /* FiveController.swift in Sources */ = {isa = PBXBuildFile; fileRef = 04F38F8323D41E8500A9598E /* FiveController.swift */; };
		04F38F8C23D4482200A9598E /* DHNavSeachView.swift in Sources */ = {isa = PBXBuildFile; fileRef = 04F38F8B23D4482200A9598E /* DHNavSeachView.swift */; };
		04F38F8E23D451B500A9598E /* DHHomeTopView.swift in Sources */ = {isa = PBXBuildFile; fileRef = 04F38F8D23D451B500A9598E /* DHHomeTopView.swift */; };
		04F38F9023D454A300A9598E /* DHHomeCell.swift in Sources */ = {isa = PBXBuildFile; fileRef = 04F38F8F23D454A300A9598E /* DHHomeCell.swift */; };
		2FA7695E2109C56E0014BE5A /* AppDelegate.swift in Sources */ = {isa = PBXBuildFile; fileRef = 2FA7695D2109C56E0014BE5A /* AppDelegate.swift */; };
		2FA769632109C56E0014BE5A /* Main.storyboard in Resources */ = {isa = PBXBuildFile; fileRef = 2FA769612109C56E0014BE5A /* Main.storyboard */; };
		2FA769652109C56F0014BE5A /* Assets.xcassets in Resources */ = {isa = PBXBuildFile; fileRef = 2FA769642109C56F0014BE5A /* Assets.xcassets */; };
		2FA769682109C56F0014BE5A /* LaunchScreen.storyboard in Resources */ = {isa = PBXBuildFile; fileRef = 2FA769662109C56F0014BE5A /* LaunchScreen.storyboard */; };
		2FA769732109C56F0014BE5A /* BaseFrameworkTests.swift in Sources */ = {isa = PBXBuildFile; fileRef = 2FA769722109C56F0014BE5A /* BaseFrameworkTests.swift */; };
		2FA7697E2109C56F0014BE5A /* BaseFrameworkUITests.swift in Sources */ = {isa = PBXBuildFile; fileRef = 2FA7697D2109C56F0014BE5A /* BaseFrameworkUITests.swift */; };
		680960D7240E232E005DF93E /* ZLaunchAdImageView.swift in Sources */ = {isa = PBXBuildFile; fileRef = 680960C9240E232E005DF93E /* ZLaunchAdImageView.swift */; };
		680960D8240E232E005DF93E /* ZLaunchAd.swift in Sources */ = {isa = PBXBuildFile; fileRef = 680960CA240E232E005DF93E /* ZLaunchAd.swift */; };
		680960D9240E232E005DF93E /* ZLaunchImageView.swift in Sources */ = {isa = PBXBuildFile; fileRef = 680960CB240E232E005DF93E /* ZLaunchImageView.swift */; };
		680960DA240E232E005DF93E /* ZLaunchAdCache.swift in Sources */ = {isa = PBXBuildFile; fileRef = 680960CC240E232E005DF93E /* ZLaunchAdCache.swift */; };
		680960DB240E232E005DF93E /* ZLaunchAdConfig.swift in Sources */ = {isa = PBXBuildFile; fileRef = 680960CD240E232E005DF93E /* ZLaunchAdConfig.swift */; };
		680960DC240E232E005DF93E /* ZLaunchAdMD5.swift in Sources */ = {isa = PBXBuildFile; fileRef = 680960CE240E232E005DF93E /* ZLaunchAdMD5.swift */; };
		680960DD240E232E005DF93E /* ZLaunchLog.swift in Sources */ = {isa = PBXBuildFile; fileRef = 680960CF240E232E005DF93E /* ZLaunchLog.swift */; };
		680960DE240E232E005DF93E /* ZLaunchAdWindow.swift in Sources */ = {isa = PBXBuildFile; fileRef = 680960D0240E232E005DF93E /* ZLaunchAdWindow.swift */; };
		680960DF240E232E005DF93E /* ZLaunchAdView.swift in Sources */ = {isa = PBXBuildFile; fileRef = 680960D1240E232E005DF93E /* ZLaunchAdView.swift */; };
		680960E0240E232E005DF93E /* ZLaunchAdButton.swift in Sources */ = {isa = PBXBuildFile; fileRef = 680960D2240E232E005DF93E /* ZLaunchAdButton.swift */; };
		680960E1240E232E005DF93E /* ZLaunchAdAnimation.swift in Sources */ = {isa = PBXBuildFile; fileRef = 680960D3240E232E005DF93E /* ZLaunchAdAnimation.swift */; };
		680960E2240E232E005DF93E /* WelcomeView.m in Sources */ = {isa = PBXBuildFile; fileRef = 680960D6240E232E005DF93E /* WelcomeView.m */; };
		68128AF023D4374000C6D585 /* HKView.swift in Sources */ = {isa = PBXBuildFile; fileRef = 68128AEF23D4374000C6D585 /* HKView.swift */; };
		68128AF223D43FD400C6D585 /* HKBaseTableView.swift in Sources */ = {isa = PBXBuildFile; fileRef = 68128AF123D43FD400C6D585 /* HKBaseTableView.swift */; };
		682067A6239E221100A4B0D4 /* HKBaseTableViewCell.swift in Sources */ = {isa = PBXBuildFile; fileRef = 682067A5239E221100A4B0D4 /* HKBaseTableViewCell.swift */; };
		6830606F239E243F00362C59 /* tableViewCell.swift in Sources */ = {isa = PBXBuildFile; fileRef = 6830606E239E243F00362C59 /* tableViewCell.swift */; };
		68306072239E26D800362C59 /* HKBaseView.swift in Sources */ = {isa = PBXBuildFile; fileRef = 68306071239E26D800362C59 /* HKBaseView.swift */; };
		685E00C023A223AD007C34D1 /* MyControl.swift in Sources */ = {isa = PBXBuildFile; fileRef = 685E00BF23A223AD007C34D1 /* MyControl.swift */; };
		685FFF8623B0650B009DDC25 /* HKRootViewController.swift in Sources */ = {isa = PBXBuildFile; fileRef = 685FFF8523B0650B009DDC25 /* HKRootViewController.swift */; };
		6890E9CA239A6AF000C71B92 /* HKAutoFitConfig.swift in Sources */ = {isa = PBXBuildFile; fileRef = 6890E9C9239A6AF000C71B92 /* HKAutoFitConfig.swift */; };
		68914871239F3EAA00B5AA99 /* HKTextField.swift in Sources */ = {isa = PBXBuildFile; fileRef = 68914870239F3EAA00B5AA99 /* HKTextField.swift */; };
		68914874239F683800B5AA99 /* HKTextView.swift in Sources */ = {isa = PBXBuildFile; fileRef = 68914873239F683800B5AA99 /* HKTextView.swift */; };
		6892EF65241A2A89006323F5 /* HKHttpManager.swift in Sources */ = {isa = PBXBuildFile; fileRef = 6892EF64241A2A89006323F5 /* HKHttpManager.swift */; };
		68AB5C8123C86E450036FB80 /* BaseTableViewController.swift in Sources */ = {isa = PBXBuildFile; fileRef = 68AB5C8023C86E450036FB80 /* BaseTableViewController.swift */; };
/* End PBXBuildFile section */

/* Begin PBXContainerItemProxy section */
		2FA7696F2109C56F0014BE5A /* PBXContainerItemProxy */ = {
			isa = PBXContainerItemProxy;
			containerPortal = 2FA769522109C56E0014BE5A /* Project object */;
			proxyType = 1;
			remoteGlobalIDString = 2FA769592109C56E0014BE5A;
			remoteInfo = BaseFramework;
		};
		2FA7697A2109C56F0014BE5A /* PBXContainerItemProxy */ = {
			isa = PBXContainerItemProxy;
			containerPortal = 2FA769522109C56E0014BE5A /* Project object */;
			proxyType = 1;
			remoteGlobalIDString = 2FA769592109C56E0014BE5A;
			remoteInfo = BaseFramework;
		};
/* End PBXContainerItemProxy section */

/* Begin PBXFileReference section */
		0401A3D923CFF95A00D57346 /* HKStartAnimationView.swift */ = {isa = PBXFileReference; lastKnownFileType = sourcecode.swift; path = HKStartAnimationView.swift; sourceTree = "<group>"; };
		0401A3DB23CFFF1D00D57346 /* launch_image1.gif */ = {isa = PBXFileReference; lastKnownFileType = image.gif; path = launch_image1.gif; sourceTree = "<group>"; };
		0410BCBE23CC5B0C00875FDE /* HKAccontCell.swift */ = {isa = PBXFileReference; lastKnownFileType = sourcecode.swift; path = HKAccontCell.swift; sourceTree = "<group>"; };
		0410BCC023CC665700875FDE /* Cell.swift */ = {isa = PBXFileReference; fileEncoding = 4; lastKnownFileType = sourcecode.swift; path = Cell.swift; sourceTree = "<group>"; };
		0412E72523D526F900BC542D /* UIButton_EdgeInsetsStyle.h */ = {isa = PBXFileReference; lastKnownFileType = sourcecode.c.h; path = UIButton_EdgeInsetsStyle.h; sourceTree = "<group>"; };
		0412E72623D526F900BC542D /* UIButton_EdgeInsetsStyle.m */ = {isa = PBXFileReference; lastKnownFileType = sourcecode.c.objc; path = UIButton_EdgeInsetsStyle.m; sourceTree = "<group>"; };
		0412E72823D5371900BC542D /* DHHomeFootView.swift */ = {isa = PBXFileReference; lastKnownFileType = sourcecode.swift; path = DHHomeFootView.swift; sourceTree = "<group>"; };
		042511822418AAF800A4734F /* HKDarkModeConfig.swift */ = {isa = PBXFileReference; lastKnownFileType = sourcecode.swift; path = HKDarkModeConfig.swift; sourceTree = "<group>"; };
		042511882418DB1700A4734F /* HKThemeColor.swift */ = {isa = PBXFileReference; lastKnownFileType = sourcecode.swift; path = HKThemeColor.swift; sourceTree = "<group>"; };
		0425118A2418DBD800A4734F /* HKThemes.swift */ = {isa = PBXFileReference; lastKnownFileType = sourcecode.swift; path = HKThemes.swift; sourceTree = "<group>"; };
		043E6FBE24186976000033BF /* DHUserBaseClass.swift */ = {isa = PBXFileReference; fileEncoding = 4; lastKnownFileType = sourcecode.swift; path = DHUserBaseClass.swift; sourceTree = "<group>"; };
		043E6FC324186DC9000033BF /* HKUserModell.swift */ = {isa = PBXFileReference; lastKnownFileType = sourcecode.swift; path = HKUserModell.swift; sourceTree = "<group>"; };
		04476477239931F1005A4DFE /* HKAppManager.swift */ = {isa = PBXFileReference; lastKnownFileType = sourcecode.swift; path = HKAppManager.swift; sourceTree = "<group>"; };
		0447647B23993308005A4DFE /* HKConfigPCH.swift */ = {isa = PBXFileReference; lastKnownFileType = sourcecode.swift; path = HKConfigPCH.swift; sourceTree = "<group>"; };
		0447647E23993457005A4DFE /* HKNavigationController.swift */ = {isa = PBXFileReference; lastKnownFileType = sourcecode.swift; path = HKNavigationController.swift; sourceTree = "<group>"; };
		04476480239934EF005A4DFE /* LoginViewController.swift */ = {isa = PBXFileReference; lastKnownFileType = sourcecode.swift; path = LoginViewController.swift; sourceTree = "<group>"; };
		0447648223993543005A4DFE /* HKBaseViewController.swift */ = {isa = PBXFileReference; lastKnownFileType = sourcecode.swift; path = HKBaseViewController.swift; sourceTree = "<group>"; };
		0447648423993572005A4DFE /* HomeViewController.swift */ = {isa = PBXFileReference; lastKnownFileType = sourcecode.swift; path = HomeViewController.swift; sourceTree = "<group>"; };
		0447648623993599005A4DFE /* SecondViewController.swift */ = {isa = PBXFileReference; lastKnownFileType = sourcecode.swift; path = SecondViewController.swift; sourceTree = "<group>"; };
		04476488239935BA005A4DFE /* ThreeViewController.swift */ = {isa = PBXFileReference; lastKnownFileType = sourcecode.swift; path = ThreeViewController.swift; sourceTree = "<group>"; };
		0447648A239935DB005A4DFE /* FourViewControlller.swift */ = {isa = PBXFileReference; lastKnownFileType = sourcecode.swift; path = FourViewControlller.swift; sourceTree = "<group>"; };
		044764952399379E005A4DFE /* Ext+UITextField.swift */ = {isa = PBXFileReference; fileEncoding = 4; lastKnownFileType = sourcecode.swift; path = "Ext+UITextField.swift"; sourceTree = "<group>"; };
		044764962399379E005A4DFE /* Ext+UIDevice.swift */ = {isa = PBXFileReference; fileEncoding = 4; lastKnownFileType = sourcecode.swift; path = "Ext+UIDevice.swift"; sourceTree = "<group>"; };
		044764972399379E005A4DFE /* Ext+UIColor.swift */ = {isa = PBXFileReference; fileEncoding = 4; lastKnownFileType = sourcecode.swift; path = "Ext+UIColor.swift"; sourceTree = "<group>"; };
		044764982399379E005A4DFE /* Ext+UIButton.swift */ = {isa = PBXFileReference; fileEncoding = 4; lastKnownFileType = sourcecode.swift; path = "Ext+UIButton.swift"; sourceTree = "<group>"; };
		044764992399379E005A4DFE /* Ext+UIView.swift */ = {isa = PBXFileReference; fileEncoding = 4; lastKnownFileType = sourcecode.swift; path = "Ext+UIView.swift"; sourceTree = "<group>"; };
		0447649A2399379E005A4DFE /* Ext+CGFloat.swift */ = {isa = PBXFileReference; fileEncoding = 4; lastKnownFileType = sourcecode.swift; path = "Ext+CGFloat.swift"; sourceTree = "<group>"; };
		0447649B2399379E005A4DFE /* Ext+UIImage.swift */ = {isa = PBXFileReference; fileEncoding = 4; lastKnownFileType = sourcecode.swift; path = "Ext+UIImage.swift"; sourceTree = "<group>"; };
		044764A423993994005A4DFE /* HKProgressHUD.swift */ = {isa = PBXFileReference; lastKnownFileType = sourcecode.swift; path = HKProgressHUD.swift; sourceTree = "<group>"; };
		044764A723993A2B005A4DFE /* HKLabel.swift */ = {isa = PBXFileReference; fileEncoding = 4; lastKnownFileType = sourcecode.swift; path = HKLabel.swift; sourceTree = "<group>"; };
		044764A823993A2B005A4DFE /* HKButton.swift */ = {isa = PBXFileReference; fileEncoding = 4; lastKnownFileType = sourcecode.swift; path = HKButton.swift; sourceTree = "<group>"; };
		044764AC23993AFF005A4DFE /* BaseRequestURL.swift */ = {isa = PBXFileReference; lastKnownFileType = sourcecode.swift; path = BaseRequestURL.swift; sourceTree = "<group>"; };
		044764B023993BC9005A4DFE /* HKAPIManager.swift */ = {isa = PBXFileReference; lastKnownFileType = sourcecode.swift; path = HKAPIManager.swift; sourceTree = "<group>"; };
		04477F28239A3A9D0044B7C4 /* en */ = {isa = PBXFileReference; lastKnownFileType = text.plist.strings; name = en; path = en.lproj/Localizable.strings; sourceTree = "<group>"; };
		04477F29239A3A9D0044B7C4 /* ESTabBarItemMoreContentView.swift */ = {isa = PBXFileReference; fileEncoding = 4; lastKnownFileType = sourcecode.swift; path = ESTabBarItemMoreContentView.swift; sourceTree = "<group>"; };
		04477F2A239A3A9D0044B7C4 /* ESTabBarController.swift */ = {isa = PBXFileReference; fileEncoding = 4; lastKnownFileType = sourcecode.swift; path = ESTabBarController.swift; sourceTree = "<group>"; };
		04477F2B239A3A9D0044B7C4 /* ESTabBarItemContentView.swift */ = {isa = PBXFileReference; fileEncoding = 4; lastKnownFileType = sourcecode.swift; path = ESTabBarItemContentView.swift; sourceTree = "<group>"; };
		04477F2C239A3A9D0044B7C4 /* ESTabBarItem.swift */ = {isa = PBXFileReference; fileEncoding = 4; lastKnownFileType = sourcecode.swift; path = ESTabBarItem.swift; sourceTree = "<group>"; };
		04477F2D239A3A9D0044B7C4 /* ESTabBarItemBadgeView.swift */ = {isa = PBXFileReference; fileEncoding = 4; lastKnownFileType = sourcecode.swift; path = ESTabBarItemBadgeView.swift; sourceTree = "<group>"; };
		04477F2E239A3A9D0044B7C4 /* ESTabBar.swift */ = {isa = PBXFileReference; fileEncoding = 4; lastKnownFileType = sourcecode.swift; path = ESTabBar.swift; sourceTree = "<group>"; };
		04477F2F239A3A9D0044B7C4 /* ESTabBarItemContainer.swift */ = {isa = PBXFileReference; fileEncoding = 4; lastKnownFileType = sourcecode.swift; path = ESTabBarItemContainer.swift; sourceTree = "<group>"; };
		04477F3A239A46940044B7C4 /* ExampleBouncesContentView.swift */ = {isa = PBXFileReference; fileEncoding = 4; lastKnownFileType = sourcecode.swift; path = ExampleBouncesContentView.swift; sourceTree = "<group>"; };
		04477F3C239A46940044B7C4 /* ExampleBasicContentView.swift */ = {isa = PBXFileReference; fileEncoding = 4; lastKnownFileType = sourcecode.swift; path = ExampleBasicContentView.swift; sourceTree = "<group>"; };
		04507C1323A22A730086FE85 /* BaseModel.swift */ = {isa = PBXFileReference; lastKnownFileType = sourcecode.swift; path = BaseModel.swift; sourceTree = "<group>"; };
		04507C1623A22B560086FE85 /* HKUserModel.swift */ = {isa = PBXFileReference; lastKnownFileType = sourcecode.swift; path = HKUserModel.swift; sourceTree = "<group>"; };
		04507C1823A22C770086FE85 /* HKTool.swift */ = {isa = PBXFileReference; lastKnownFileType = sourcecode.swift; path = HKTool.swift; sourceTree = "<group>"; };
		04507C1C23A357BC0086FE85 /* area.plist */ = {isa = PBXFileReference; fileEncoding = 4; lastKnownFileType = text.plist.xml; path = area.plist; sourceTree = "<group>"; };
		04507C1D23A357BC0086FE85 /* EWAddressModel.swift */ = {isa = PBXFileReference; fileEncoding = 4; lastKnownFileType = sourcecode.swift; path = EWAddressModel.swift; sourceTree = "<group>"; };
		04507C1E23A357BC0086FE85 /* EWAddressPickViewTableViewCell.swift */ = {isa = PBXFileReference; fileEncoding = 4; lastKnownFileType = sourcecode.swift; path = EWAddressPickViewTableViewCell.swift; sourceTree = "<group>"; };
		04507C1F23A357BC0086FE85 /* EWAddressPickView.swift */ = {isa = PBXFileReference; fileEncoding = 4; lastKnownFileType = sourcecode.swift; path = EWAddressPickView.swift; sourceTree = "<group>"; };
		04507C2023A357BC0086FE85 /* EWAddressViewController.swift */ = {isa = PBXFileReference; fileEncoding = 4; lastKnownFileType = sourcecode.swift; path = EWAddressViewController.swift; sourceTree = "<group>"; };
		04507C2123A357BC0086FE85 /* EWAddressPresentAnimated.swift */ = {isa = PBXFileReference; fileEncoding = 4; lastKnownFileType = sourcecode.swift; path = EWAddressPresentAnimated.swift; sourceTree = "<group>"; };
		04507C3023A35F4E0086FE85 /* LYPopMenuCell.swift */ = {isa = PBXFileReference; fileEncoding = 4; lastKnownFileType = sourcecode.swift; path = LYPopMenuCell.swift; sourceTree = "<group>"; };
		04507C3123A35F4E0086FE85 /* LYPopMenuView.swift */ = {isa = PBXFileReference; fileEncoding = 4; lastKnownFileType = sourcecode.swift; path = LYPopMenuView.swift; sourceTree = "<group>"; };
		04507C3223A35F4E0086FE85 /* UIView+Rect.swift */ = {isa = PBXFileReference; fileEncoding = 4; lastKnownFileType = sourcecode.swift; path = "UIView+Rect.swift"; sourceTree = "<group>"; };
		04507C3323A35F4E0086FE85 /* LYPopMenuModel.swift */ = {isa = PBXFileReference; fileEncoding = 4; lastKnownFileType = sourcecode.swift; path = LYPopMenuModel.swift; sourceTree = "<group>"; };
		04507C3423A35F4E0086FE85 /* LYPopMenuStyle.swift */ = {isa = PBXFileReference; fileEncoding = 4; lastKnownFileType = sourcecode.swift; path = LYPopMenuStyle.swift; sourceTree = "<group>"; };
		04A80ABC239E437300541C7D /* UIView+BlockGesture.m */ = {isa = PBXFileReference; fileEncoding = 4; lastKnownFileType = sourcecode.c.objc; path = "UIView+BlockGesture.m"; sourceTree = "<group>"; };
		04A80ABD239E437300541C7D /* UIView+BlockGesture.h */ = {isa = PBXFileReference; fileEncoding = 4; lastKnownFileType = sourcecode.c.h; path = "UIView+BlockGesture.h"; sourceTree = "<group>"; };
		04A80ABF239E462400541C7D /* SecondPushView.swift */ = {isa = PBXFileReference; lastKnownFileType = sourcecode.swift; path = SecondPushView.swift; sourceTree = "<group>"; };
		04A80AC5239F20D400541C7D /* HKImageView.swift */ = {isa = PBXFileReference; lastKnownFileType = sourcecode.swift; path = HKImageView.swift; sourceTree = "<group>"; };
		04A80AC7239F2BFA00541C7D /* AppStyleConfiguration.swift */ = {isa = PBXFileReference; lastKnownFileType = sourcecode.swift; path = AppStyleConfiguration.swift; sourceTree = "<group>"; };
		04A80AC9239F33F700541C7D /* UITextField+Blocks.h */ = {isa = PBXFileReference; fileEncoding = 4; lastKnownFileType = sourcecode.c.h; path = "UITextField+Blocks.h"; sourceTree = "<group>"; };
		04A80ACA239F33F700541C7D /* UITextField+Blocks.m */ = {isa = PBXFileReference; fileEncoding = 4; lastKnownFileType = sourcecode.c.objc; path = "UITextField+Blocks.m"; sourceTree = "<group>"; };
		04A80ACC239F33FE00541C7D /* UILabel+ChangeLineSpaceAndWordSpace.h */ = {isa = PBXFileReference; fileEncoding = 4; lastKnownFileType = sourcecode.c.h; path = "UILabel+ChangeLineSpaceAndWordSpace.h"; sourceTree = "<group>"; };
		04A80ACD239F33FE00541C7D /* UILabel+ChangeLineSpaceAndWordSpace.m */ = {isa = PBXFileReference; fileEncoding = 4; lastKnownFileType = sourcecode.c.objc; path = "UILabel+ChangeLineSpaceAndWordSpace.m"; sourceTree = "<group>"; };
		04A80AD8239F8B2200541C7D /* HKNSRange+String.swift */ = {isa = PBXFileReference; lastKnownFileType = sourcecode.swift; path = "HKNSRange+String.swift"; sourceTree = "<group>"; };
		04F38F8323D41E8500A9598E /* FiveController.swift */ = {isa = PBXFileReference; lastKnownFileType = sourcecode.swift; path = FiveController.swift; sourceTree = "<group>"; };
		04F38F8B23D4482200A9598E /* DHNavSeachView.swift */ = {isa = PBXFileReference; fileEncoding = 4; lastKnownFileType = sourcecode.swift; path = DHNavSeachView.swift; sourceTree = "<group>"; };
		04F38F8D23D451B500A9598E /* DHHomeTopView.swift */ = {isa = PBXFileReference; lastKnownFileType = sourcecode.swift; path = DHHomeTopView.swift; sourceTree = "<group>"; };
		04F38F8F23D454A300A9598E /* DHHomeCell.swift */ = {isa = PBXFileReference; lastKnownFileType = sourcecode.swift; path = DHHomeCell.swift; sourceTree = "<group>"; };
		2FA7695A2109C56E0014BE5A /* 百灵健康.app */ = {isa = PBXFileReference; explicitFileType = wrapper.application; includeInIndex = 0; path = "百灵健康.app"; sourceTree = BUILT_PRODUCTS_DIR; };
		2FA7695D2109C56E0014BE5A /* AppDelegate.swift */ = {isa = PBXFileReference; lastKnownFileType = sourcecode.swift; path = AppDelegate.swift; sourceTree = "<group>"; };
		2FA769622109C56E0014BE5A /* Base */ = {isa = PBXFileReference; lastKnownFileType = file.storyboard; name = Base; path = Base.lproj/Main.storyboard; sourceTree = "<group>"; };
		2FA769642109C56F0014BE5A /* Assets.xcassets */ = {isa = PBXFileReference; lastKnownFileType = folder.assetcatalog; path = Assets.xcassets; sourceTree = "<group>"; };
		2FA769672109C56F0014BE5A /* Base */ = {isa = PBXFileReference; lastKnownFileType = file.storyboard; name = Base; path = Base.lproj/LaunchScreen.storyboard; sourceTree = "<group>"; };
		2FA769692109C56F0014BE5A /* Info.plist */ = {isa = PBXFileReference; lastKnownFileType = text.plist.xml; path = Info.plist; sourceTree = "<group>"; };
		2FA7696E2109C56F0014BE5A /* BaseFrameworkTests.xctest */ = {isa = PBXFileReference; explicitFileType = wrapper.cfbundle; includeInIndex = 0; path = BaseFrameworkTests.xctest; sourceTree = BUILT_PRODUCTS_DIR; };
		2FA769722109C56F0014BE5A /* BaseFrameworkTests.swift */ = {isa = PBXFileReference; lastKnownFileType = sourcecode.swift; path = BaseFrameworkTests.swift; sourceTree = "<group>"; };
		2FA769742109C56F0014BE5A /* Info.plist */ = {isa = PBXFileReference; lastKnownFileType = text.plist.xml; path = Info.plist; sourceTree = "<group>"; };
		2FA769792109C56F0014BE5A /* BaseFrameworkUITests.xctest */ = {isa = PBXFileReference; explicitFileType = wrapper.cfbundle; includeInIndex = 0; path = BaseFrameworkUITests.xctest; sourceTree = BUILT_PRODUCTS_DIR; };
		2FA7697D2109C56F0014BE5A /* BaseFrameworkUITests.swift */ = {isa = PBXFileReference; lastKnownFileType = sourcecode.swift; path = BaseFrameworkUITests.swift; sourceTree = "<group>"; };
		2FA7697F2109C56F0014BE5A /* Info.plist */ = {isa = PBXFileReference; lastKnownFileType = text.plist.xml; path = Info.plist; sourceTree = "<group>"; };
		2FA769982109C9470014BE5A /* BaseFramework-Bridging-Header.h */ = {isa = PBXFileReference; lastKnownFileType = sourcecode.c.h; path = "BaseFramework-Bridging-Header.h"; sourceTree = "<group>"; };
		680960C9240E232E005DF93E /* ZLaunchAdImageView.swift */ = {isa = PBXFileReference; fileEncoding = 4; lastKnownFileType = sourcecode.swift; path = ZLaunchAdImageView.swift; sourceTree = "<group>"; };
		680960CA240E232E005DF93E /* ZLaunchAd.swift */ = {isa = PBXFileReference; fileEncoding = 4; lastKnownFileType = sourcecode.swift; path = ZLaunchAd.swift; sourceTree = "<group>"; };
		680960CB240E232E005DF93E /* ZLaunchImageView.swift */ = {isa = PBXFileReference; fileEncoding = 4; lastKnownFileType = sourcecode.swift; path = ZLaunchImageView.swift; sourceTree = "<group>"; };
		680960CC240E232E005DF93E /* ZLaunchAdCache.swift */ = {isa = PBXFileReference; fileEncoding = 4; lastKnownFileType = sourcecode.swift; path = ZLaunchAdCache.swift; sourceTree = "<group>"; };
		680960CD240E232E005DF93E /* ZLaunchAdConfig.swift */ = {isa = PBXFileReference; fileEncoding = 4; lastKnownFileType = sourcecode.swift; path = ZLaunchAdConfig.swift; sourceTree = "<group>"; };
		680960CE240E232E005DF93E /* ZLaunchAdMD5.swift */ = {isa = PBXFileReference; fileEncoding = 4; lastKnownFileType = sourcecode.swift; path = ZLaunchAdMD5.swift; sourceTree = "<group>"; };
		680960CF240E232E005DF93E /* ZLaunchLog.swift */ = {isa = PBXFileReference; fileEncoding = 4; lastKnownFileType = sourcecode.swift; path = ZLaunchLog.swift; sourceTree = "<group>"; };
		680960D0240E232E005DF93E /* ZLaunchAdWindow.swift */ = {isa = PBXFileReference; fileEncoding = 4; lastKnownFileType = sourcecode.swift; path = ZLaunchAdWindow.swift; sourceTree = "<group>"; };
		680960D1240E232E005DF93E /* ZLaunchAdView.swift */ = {isa = PBXFileReference; fileEncoding = 4; lastKnownFileType = sourcecode.swift; path = ZLaunchAdView.swift; sourceTree = "<group>"; };
		680960D2240E232E005DF93E /* ZLaunchAdButton.swift */ = {isa = PBXFileReference; fileEncoding = 4; lastKnownFileType = sourcecode.swift; path = ZLaunchAdButton.swift; sourceTree = "<group>"; };
		680960D3240E232E005DF93E /* ZLaunchAdAnimation.swift */ = {isa = PBXFileReference; fileEncoding = 4; lastKnownFileType = sourcecode.swift; path = ZLaunchAdAnimation.swift; sourceTree = "<group>"; };
		680960D5240E232E005DF93E /* WelcomeView.h */ = {isa = PBXFileReference; fileEncoding = 4; lastKnownFileType = sourcecode.c.h; path = WelcomeView.h; sourceTree = "<group>"; };
		680960D6240E232E005DF93E /* WelcomeView.m */ = {isa = PBXFileReference; fileEncoding = 4; lastKnownFileType = sourcecode.c.objc; path = WelcomeView.m; sourceTree = "<group>"; };
		68128AEF23D4374000C6D585 /* HKView.swift */ = {isa = PBXFileReference; fileEncoding = 4; lastKnownFileType = sourcecode.swift; path = HKView.swift; sourceTree = "<group>"; };
		68128AF123D43FD400C6D585 /* HKBaseTableView.swift */ = {isa = PBXFileReference; fileEncoding = 4; lastKnownFileType = sourcecode.swift; path = HKBaseTableView.swift; sourceTree = "<group>"; };
		682067A5239E221100A4B0D4 /* HKBaseTableViewCell.swift */ = {isa = PBXFileReference; lastKnownFileType = sourcecode.swift; name = HKBaseTableViewCell.swift; path = BaseFramework/Style/HKBaseTableViewCell.swift; sourceTree = SOURCE_ROOT; };
		6830606E239E243F00362C59 /* tableViewCell.swift */ = {isa = PBXFileReference; lastKnownFileType = sourcecode.swift; path = tableViewCell.swift; sourceTree = "<group>"; };
		68306071239E26D800362C59 /* HKBaseView.swift */ = {isa = PBXFileReference; lastKnownFileType = sourcecode.swift; path = HKBaseView.swift; sourceTree = "<group>"; };
		685E00BF23A223AD007C34D1 /* MyControl.swift */ = {isa = PBXFileReference; lastKnownFileType = sourcecode.swift; path = MyControl.swift; sourceTree = "<group>"; };
		685FFF8523B0650B009DDC25 /* HKRootViewController.swift */ = {isa = PBXFileReference; lastKnownFileType = sourcecode.swift; path = HKRootViewController.swift; sourceTree = "<group>"; };
		6890E9C9239A6AF000C71B92 /* HKAutoFitConfig.swift */ = {isa = PBXFileReference; fileEncoding = 4; lastKnownFileType = sourcecode.swift; path = HKAutoFitConfig.swift; sourceTree = "<group>"; };
		68914870239F3EAA00B5AA99 /* HKTextField.swift */ = {isa = PBXFileReference; lastKnownFileType = sourcecode.swift; path = HKTextField.swift; sourceTree = "<group>"; };
		68914873239F683800B5AA99 /* HKTextView.swift */ = {isa = PBXFileReference; lastKnownFileType = sourcecode.swift; path = HKTextView.swift; sourceTree = "<group>"; };
		6892EF64241A2A89006323F5 /* HKHttpManager.swift */ = {isa = PBXFileReference; fileEncoding = 4; lastKnownFileType = sourcecode.swift; path = HKHttpManager.swift; sourceTree = "<group>"; };
		68AB5C8023C86E450036FB80 /* BaseTableViewController.swift */ = {isa = PBXFileReference; fileEncoding = 4; lastKnownFileType = sourcecode.swift; path = BaseTableViewController.swift; sourceTree = "<group>"; };
		86B459FC6505AB857502F297 /* Pods-BaseFramework.release.xcconfig */ = {isa = PBXFileReference; includeInIndex = 1; lastKnownFileType = text.xcconfig; name = "Pods-BaseFramework.release.xcconfig"; path = "Pods/Target Support Files/Pods-BaseFramework/Pods-BaseFramework.release.xcconfig"; sourceTree = "<group>"; };
		95794D4CEE91DA976377A15F /* Pods-BaseFramework.debug.xcconfig */ = {isa = PBXFileReference; includeInIndex = 1; lastKnownFileType = text.xcconfig; name = "Pods-BaseFramework.debug.xcconfig"; path = "Pods/Target Support Files/Pods-BaseFramework/Pods-BaseFramework.debug.xcconfig"; sourceTree = "<group>"; };
		B321C059C7DF8E283DE11269 /* Pods_BaseFramework.framework */ = {isa = PBXFileReference; explicitFileType = wrapper.framework; includeInIndex = 0; path = Pods_BaseFramework.framework; sourceTree = BUILT_PRODUCTS_DIR; };
/* End PBXFileReference section */

/* Begin PBXFrameworksBuildPhase section */
		2FA769572109C56E0014BE5A /* Frameworks */ = {
			isa = PBXFrameworksBuildPhase;
			buildActionMask = 2147483647;
			files = (
				036507B6D29BDC32B5FE56BE /* Pods_BaseFramework.framework in Frameworks */,
			);
			runOnlyForDeploymentPostprocessing = 0;
		};
		2FA7696B2109C56F0014BE5A /* Frameworks */ = {
			isa = PBXFrameworksBuildPhase;
			buildActionMask = 2147483647;
			files = (
			);
			runOnlyForDeploymentPostprocessing = 0;
		};
		2FA769762109C56F0014BE5A /* Frameworks */ = {
			isa = PBXFrameworksBuildPhase;
			buildActionMask = 2147483647;
			files = (
			);
			runOnlyForDeploymentPostprocessing = 0;
		};
/* End PBXFrameworksBuildPhase section */

/* Begin PBXGroup section */
		0410BCAF23CC5A5900875FDE /* View */ = {
			isa = PBXGroup;
			children = (
				0410BCBE23CC5B0C00875FDE /* HKAccontCell.swift */,
			);
			path = View;
			sourceTree = "<group>";
		};
		0410BCB023CC5A5900875FDE /* Controller */ = {
			isa = PBXGroup;
			children = (
				04476488239935BA005A4DFE /* ThreeViewController.swift */,
			);
			path = Controller;
			sourceTree = "<group>";
		};
		0410BCB123CC5A5900875FDE /* Model */ = {
			isa = PBXGroup;
			children = (
			);
			path = Model;
			sourceTree = "<group>";
		};
		0410BCB223CC5A6F00875FDE /* Model */ = {
			isa = PBXGroup;
			children = (
			);
			path = Model;
			sourceTree = "<group>";
		};
		0410BCB323CC5A6F00875FDE /* Controller */ = {
			isa = PBXGroup;
			children = (
				0447648623993599005A4DFE /* SecondViewController.swift */,
			);
			path = Controller;
			sourceTree = "<group>";
		};
		0410BCB423CC5A6F00875FDE /* View */ = {
			isa = PBXGroup;
			children = (
				04A80ABF239E462400541C7D /* SecondPushView.swift */,
			);
			path = View;
			sourceTree = "<group>";
		};
		0410BCB523CC5A8E00875FDE /* Controller */ = {
			isa = PBXGroup;
			children = (
				04476480239934EF005A4DFE /* LoginViewController.swift */,
			);
			path = Controller;
			sourceTree = "<group>";
		};
		0410BCB623CC5A8E00875FDE /* Model */ = {
			isa = PBXGroup;
			children = (
				043E6FBE24186976000033BF /* DHUserBaseClass.swift */,
				043E6FC324186DC9000033BF /* HKUserModell.swift */,
			);
			path = Model;
			sourceTree = "<group>";
		};
		0410BCB723CC5A8E00875FDE /* View */ = {
			isa = PBXGroup;
			children = (
			);
			path = View;
			sourceTree = "<group>";
		};
		0410BCB823CC5A9D00875FDE /* Model */ = {
			isa = PBXGroup;
			children = (
			);
			path = Model;
			sourceTree = "<group>";
		};
		0410BCB923CC5A9D00875FDE /* Controller */ = {
			isa = PBXGroup;
			children = (
				0447648423993572005A4DFE /* HomeViewController.swift */,
			);
			path = Controller;
			sourceTree = "<group>";
		};
		0410BCBA23CC5A9E00875FDE /* View */ = {
			isa = PBXGroup;
			children = (
				04F38F8B23D4482200A9598E /* DHNavSeachView.swift */,
				6830606E239E243F00362C59 /* tableViewCell.swift */,
				04F38F8D23D451B500A9598E /* DHHomeTopView.swift */,
				04F38F8F23D454A300A9598E /* DHHomeCell.swift */,
				0412E72823D5371900BC542D /* DHHomeFootView.swift */,
			);
			path = View;
			sourceTree = "<group>";
		};
		0410BCBB23CC5AB600875FDE /* Controller */ = {
			isa = PBXGroup;
			children = (
				0447648A239935DB005A4DFE /* FourViewControlller.swift */,
			);
			path = Controller;
			sourceTree = "<group>";
		};
		0410BCBC23CC5AB600875FDE /* Model */ = {
			isa = PBXGroup;
			children = (
			);
			path = Model;
			sourceTree = "<group>";
		};
		0410BCBD23CC5AB600875FDE /* View */ = {
			isa = PBXGroup;
			children = (
			);
			path = View;
			sourceTree = "<group>";
		};
		042511872418DA8900A4734F /* ThemesColor */ = {
			isa = PBXGroup;
			children = (
				042511822418AAF800A4734F /* HKDarkModeConfig.swift */,
				042511882418DB1700A4734F /* HKThemeColor.swift */,
				0425118A2418DBD800A4734F /* HKThemes.swift */,
			);
			path = ThemesColor;
			sourceTree = "<group>";
		};
		04476468239930BB005A4DFE /* Main */ = {
			isa = PBXGroup;
			children = (
				04F38F7F23D41E3800A9598E /* Five */,
				0447646C2399312B005A4DFE /* Four */,
				0447646F2399312B005A4DFE /* Home */,
				0447646E2399312B005A4DFE /* Login */,
				0447646D2399312B005A4DFE /* Second */,
				044764702399312B005A4DFE /* Three */,
			);
			path = Main;
			sourceTree = "<group>";
		};
		04476469239930BC005A4DFE /* Base */ = {
			isa = PBXGroup;
			children = (
				04507C1523A22B3F0086FE85 /* HKUserTool */,
				68306070239E26C200362C59 /* BaseView */,
				0447647D23993443005A4DFE /* BaseNavController */,
				04476471239931CB005A4DFE /* BaseModel */,
				04476474239931CB005A4DFE /* BaseTableViewCell */,
				04476473239931CB005A4DFE /* BaseViewController */,
				04476472239931CB005A4DFE /* RootView */,
				04476475239931CB005A4DFE /* TabBar */,
			);
			path = Base;
			sourceTree = "<group>";
		};
		0447646A239930BC005A4DFE /* Source */ = {
			isa = PBXGroup;
			children = (
				680960C8240E232E005DF93E /* 广告页 */,
				680960D4240E232E005DF93E /* 引导页 */,
				04507C1A23A357B40086FE85 /* Lib */,
				044764A623993A2B005A4DFE /* HKUIkit */,
				044764A323993975005A4DFE /* ProgressHUD */,
				044764942399379E005A4DFE /* Category */,
			);
			path = Source;
			sourceTree = "<group>";
		};
		0447646B239930BC005A4DFE /* Style */ = {
			isa = PBXGroup;
			children = (
				6890E9C9239A6AF000C71B92 /* HKAutoFitConfig.swift */,
				0447647B23993308005A4DFE /* HKConfigPCH.swift */,
				04A80AC7239F2BFA00541C7D /* AppStyleConfiguration.swift */,
				685E00BF23A223AD007C34D1 /* MyControl.swift */,
			);
			path = Style;
			sourceTree = "<group>";
		};
		0447646C2399312B005A4DFE /* Four */ = {
			isa = PBXGroup;
			children = (
				0410BCBB23CC5AB600875FDE /* Controller */,
				0410BCBC23CC5AB600875FDE /* Model */,
				0410BCBD23CC5AB600875FDE /* View */,
			);
			path = Four;
			sourceTree = "<group>";
		};
		0447646D2399312B005A4DFE /* Second */ = {
			isa = PBXGroup;
			children = (
				0410BCB323CC5A6F00875FDE /* Controller */,
				0410BCB223CC5A6F00875FDE /* Model */,
				0410BCB423CC5A6F00875FDE /* View */,
			);
			path = Second;
			sourceTree = "<group>";
		};
		0447646E2399312B005A4DFE /* Login */ = {
			isa = PBXGroup;
			children = (
				0410BCB523CC5A8E00875FDE /* Controller */,
				0410BCB623CC5A8E00875FDE /* Model */,
				0410BCB723CC5A8E00875FDE /* View */,
			);
			path = Login;
			sourceTree = "<group>";
		};
		0447646F2399312B005A4DFE /* Home */ = {
			isa = PBXGroup;
			children = (
				0410BCB923CC5A9D00875FDE /* Controller */,
				0410BCB823CC5A9D00875FDE /* Model */,
				0410BCBA23CC5A9E00875FDE /* View */,
			);
			path = Home;
			sourceTree = "<group>";
		};
		044764702399312B005A4DFE /* Three */ = {
			isa = PBXGroup;
			children = (
				0410BCB023CC5A5900875FDE /* Controller */,
				0410BCB123CC5A5900875FDE /* Model */,
				0410BCAF23CC5A5900875FDE /* View */,
			);
			path = Three;
			sourceTree = "<group>";
		};
		04476471239931CB005A4DFE /* BaseModel */ = {
			isa = PBXGroup;
			children = (
				04507C1323A22A730086FE85 /* BaseModel.swift */,
			);
			path = BaseModel;
			sourceTree = "<group>";
		};
		04476472239931CB005A4DFE /* RootView */ = {
			isa = PBXGroup;
			children = (
				0401A3DB23CFFF1D00D57346 /* launch_image1.gif */,
				04476477239931F1005A4DFE /* HKAppManager.swift */,
				685FFF8523B0650B009DDC25 /* HKRootViewController.swift */,
				0401A3D923CFF95A00D57346 /* HKStartAnimationView.swift */,
			);
			path = RootView;
			sourceTree = "<group>";
		};
		04476473239931CB005A4DFE /* BaseViewController */ = {
			isa = PBXGroup;
			children = (
				68AB5C8023C86E450036FB80 /* BaseTableViewController.swift */,
				0447648223993543005A4DFE /* HKBaseViewController.swift */,
			);
			path = BaseViewController;
			sourceTree = "<group>";
		};
		04476474239931CB005A4DFE /* BaseTableViewCell */ = {
			isa = PBXGroup;
			children = (
				68128AF123D43FD400C6D585 /* HKBaseTableView.swift */,
				0410BCC023CC665700875FDE /* Cell.swift */,
				682067A5239E221100A4B0D4 /* HKBaseTableViewCell.swift */,
			);
			path = BaseTableViewCell;
			sourceTree = "<group>";
		};
		04476475239931CB005A4DFE /* TabBar */ = {
			isa = PBXGroup;
			children = (
				04477F38239A46940044B7C4 /* Content */,
				04477F26239A3A9D0044B7C4 /* TabBar_Swift */,
			);
			path = TabBar;
			sourceTree = "<group>";
		};
		0447647D23993443005A4DFE /* BaseNavController */ = {
			isa = PBXGroup;
			children = (
				0447647E23993457005A4DFE /* HKNavigationController.swift */,
			);
			path = BaseNavController;
			sourceTree = "<group>";
		};
		044764942399379E005A4DFE /* Category */ = {
			isa = PBXGroup;
			children = (
				044764952399379E005A4DFE /* Ext+UITextField.swift */,
				044764962399379E005A4DFE /* Ext+UIDevice.swift */,
				044764972399379E005A4DFE /* Ext+UIColor.swift */,
				044764982399379E005A4DFE /* Ext+UIButton.swift */,
				044764992399379E005A4DFE /* Ext+UIView.swift */,
				0447649A2399379E005A4DFE /* Ext+CGFloat.swift */,
				0447649B2399379E005A4DFE /* Ext+UIImage.swift */,
			);
			path = Category;
			sourceTree = "<group>";
		};
		044764A323993975005A4DFE /* ProgressHUD */ = {
			isa = PBXGroup;
			children = (
				044764A423993994005A4DFE /* HKProgressHUD.swift */,
			);
			path = ProgressHUD;
			sourceTree = "<group>";
		};
		044764A623993A2B005A4DFE /* HKUIkit */ = {
			isa = PBXGroup;
			children = (
				68128AEE23D4373300C6D585 /* HKView */,
				68914872239F682B00B5AA99 /* HKTextView */,
				04A80AC3239F209700541C7D /* HKButton */,
				04A80AC2239F209700541C7D /* HKImageView */,
				04A80AC1239F209700541C7D /* HKLabel */,
				04A80AC4239F209700541C7D /* HKTextField */,
				04A80ABB239E437300541C7D /* HKAddTapBlock */,
				04A80AD8239F8B2200541C7D /* HKNSRange+String.swift */,
			);
			path = HKUIkit;
			sourceTree = "<group>";
		};
		044764AB23993AD9005A4DFE /* Utils */ = {
			isa = PBXGroup;
			children = (
				044764AC23993AFF005A4DFE /* BaseRequestURL.swift */,
				044764B023993BC9005A4DFE /* HKAPIManager.swift */,
				6892EF64241A2A89006323F5 /* HKHttpManager.swift */,
			);
			path = Utils;
			sourceTree = "<group>";
		};
		04477F26239A3A9D0044B7C4 /* TabBar_Swift */ = {
			isa = PBXGroup;
			children = (
				04477F27239A3A9D0044B7C4 /* Localizable.strings */,
				04477F29239A3A9D0044B7C4 /* ESTabBarItemMoreContentView.swift */,
				04477F2A239A3A9D0044B7C4 /* ESTabBarController.swift */,
				04477F2B239A3A9D0044B7C4 /* ESTabBarItemContentView.swift */,
				04477F2C239A3A9D0044B7C4 /* ESTabBarItem.swift */,
				04477F2D239A3A9D0044B7C4 /* ESTabBarItemBadgeView.swift */,
				04477F2E239A3A9D0044B7C4 /* ESTabBar.swift */,
				04477F2F239A3A9D0044B7C4 /* ESTabBarItemContainer.swift */,
			);
			path = TabBar_Swift;
			sourceTree = "<group>";
		};
		04477F38239A46940044B7C4 /* Content */ = {
			isa = PBXGroup;
			children = (
				04477F3A239A46940044B7C4 /* ExampleBouncesContentView.swift */,
				04477F3C239A46940044B7C4 /* ExampleBasicContentView.swift */,
			);
			path = Content;
			sourceTree = "<group>";
		};
		04507C1523A22B3F0086FE85 /* HKUserTool */ = {
			isa = PBXGroup;
			children = (
				04507C1623A22B560086FE85 /* HKUserModel.swift */,
				04507C1823A22C770086FE85 /* HKTool.swift */,
			);
			path = HKUserTool;
			sourceTree = "<group>";
		};
		04507C1A23A357B40086FE85 /* Lib */ = {
			isa = PBXGroup;
			children = (
				04507C2F23A35F4E0086FE85 /* HKPopMenu */,
				04507C1B23A357BC0086FE85 /* 地址选择器 */,
			);
			path = Lib;
			sourceTree = "<group>";
		};
		04507C1B23A357BC0086FE85 /* 地址选择器 */ = {
			isa = PBXGroup;
			children = (
				04507C1C23A357BC0086FE85 /* area.plist */,
				04507C1D23A357BC0086FE85 /* EWAddressModel.swift */,
				04507C1E23A357BC0086FE85 /* EWAddressPickViewTableViewCell.swift */,
				04507C1F23A357BC0086FE85 /* EWAddressPickView.swift */,
				04507C2023A357BC0086FE85 /* EWAddressViewController.swift */,
				04507C2123A357BC0086FE85 /* EWAddressPresentAnimated.swift */,
			);
			path = "地址选择器";
			sourceTree = "<group>";
		};
		04507C2F23A35F4E0086FE85 /* HKPopMenu */ = {
			isa = PBXGroup;
			children = (
				04507C3023A35F4E0086FE85 /* LYPopMenuCell.swift */,
				04507C3123A35F4E0086FE85 /* LYPopMenuView.swift */,
				04507C3223A35F4E0086FE85 /* UIView+Rect.swift */,
				04507C3323A35F4E0086FE85 /* LYPopMenuModel.swift */,
				04507C3423A35F4E0086FE85 /* LYPopMenuStyle.swift */,
			);
			path = HKPopMenu;
			sourceTree = "<group>";
		};
		04A80ABB239E437300541C7D /* HKAddTapBlock */ = {
			isa = PBXGroup;
			children = (
				04A80ABD239E437300541C7D /* UIView+BlockGesture.h */,
				04A80ABC239E437300541C7D /* UIView+BlockGesture.m */,
			);
			path = HKAddTapBlock;
			sourceTree = "<group>";
		};
		04A80AC1239F209700541C7D /* HKLabel */ = {
			isa = PBXGroup;
			children = (
				04A80ACC239F33FE00541C7D /* UILabel+ChangeLineSpaceAndWordSpace.h */,
				04A80ACD239F33FE00541C7D /* UILabel+ChangeLineSpaceAndWordSpace.m */,
				044764A723993A2B005A4DFE /* HKLabel.swift */,
			);
			path = HKLabel;
			sourceTree = "<group>";
		};
		04A80AC2239F209700541C7D /* HKImageView */ = {
			isa = PBXGroup;
			children = (
				04A80AC5239F20D400541C7D /* HKImageView.swift */,
			);
			path = HKImageView;
			sourceTree = "<group>";
		};
		04A80AC3239F209700541C7D /* HKButton */ = {
			isa = PBXGroup;
			children = (
				044764A823993A2B005A4DFE /* HKButton.swift */,
				0412E72523D526F900BC542D /* UIButton_EdgeInsetsStyle.h */,
				0412E72623D526F900BC542D /* UIButton_EdgeInsetsStyle.m */,
			);
			path = HKButton;
			sourceTree = "<group>";
		};
		04A80AC4239F209700541C7D /* HKTextField */ = {
			isa = PBXGroup;
			children = (
				04A80AC9239F33F700541C7D /* UITextField+Blocks.h */,
				04A80ACA239F33F700541C7D /* UITextField+Blocks.m */,
				68914870239F3EAA00B5AA99 /* HKTextField.swift */,
			);
			path = HKTextField;
			sourceTree = "<group>";
		};
		04F38F7F23D41E3800A9598E /* Five */ = {
			isa = PBXGroup;
			children = (
				04F38F8223D41E6200A9598E /* Controller */,
				04F38F8023D41E6200A9598E /* Model */,
				04F38F8123D41E6200A9598E /* View */,
			);
			path = Five;
			sourceTree = "<group>";
		};
		04F38F8023D41E6200A9598E /* Model */ = {
			isa = PBXGroup;
			children = (
			);
			path = Model;
			sourceTree = "<group>";
		};
		04F38F8123D41E6200A9598E /* View */ = {
			isa = PBXGroup;
			children = (
			);
			path = View;
			sourceTree = "<group>";
		};
		04F38F8223D41E6200A9598E /* Controller */ = {
			isa = PBXGroup;
			children = (
				04F38F8323D41E8500A9598E /* FiveController.swift */,
			);
			path = Controller;
			sourceTree = "<group>";
		};
		2FA769512109C56E0014BE5A = {
			isa = PBXGroup;
			children = (
				2FA7695C2109C56E0014BE5A /* BaseFramework */,
				2FA769712109C56F0014BE5A /* BaseFrameworkTests */,
				2FA7697C2109C56F0014BE5A /* BaseFrameworkUITests */,
				2FA7695B2109C56E0014BE5A /* Products */,
				35DB882F31ABBC5DC44FF760 /* Pods */,
				5B01C8E8CF1E53BE8E9CDF11 /* Frameworks */,
			);
			sourceTree = "<group>";
		};
		2FA7695B2109C56E0014BE5A /* Products */ = {
			isa = PBXGroup;
			children = (
				2FA7695A2109C56E0014BE5A /* 百灵健康.app */,
				2FA7696E2109C56F0014BE5A /* BaseFrameworkTests.xctest */,
				2FA769792109C56F0014BE5A /* BaseFrameworkUITests.xctest */,
			);
			name = Products;
			sourceTree = "<group>";
		};
		2FA7695C2109C56E0014BE5A /* BaseFramework */ = {
			isa = PBXGroup;
			children = (
				042511872418DA8900A4734F /* ThemesColor */,
				044764AB23993AD9005A4DFE /* Utils */,
				04476469239930BC005A4DFE /* Base */,
				04476468239930BB005A4DFE /* Main */,
				0447646A239930BC005A4DFE /* Source */,
				0447646B239930BC005A4DFE /* Style */,
				2FA769952109C64A0014BE5A /* Support */,
				2FA7695D2109C56E0014BE5A /* AppDelegate.swift */,
				2FA769612109C56E0014BE5A /* Main.storyboard */,
				2FA769642109C56F0014BE5A /* Assets.xcassets */,
				2FA769662109C56F0014BE5A /* LaunchScreen.storyboard */,
				2FA769692109C56F0014BE5A /* Info.plist */,
			);
			path = BaseFramework;
			sourceTree = "<group>";
		};
		2FA769712109C56F0014BE5A /* BaseFrameworkTests */ = {
			isa = PBXGroup;
			children = (
				2FA769722109C56F0014BE5A /* BaseFrameworkTests.swift */,
				2FA769742109C56F0014BE5A /* Info.plist */,
			);
			path = BaseFrameworkTests;
			sourceTree = "<group>";
		};
		2FA7697C2109C56F0014BE5A /* BaseFrameworkUITests */ = {
			isa = PBXGroup;
			children = (
				2FA7697D2109C56F0014BE5A /* BaseFrameworkUITests.swift */,
				2FA7697F2109C56F0014BE5A /* Info.plist */,
			);
			path = BaseFrameworkUITests;
			sourceTree = "<group>";
		};
		2FA769952109C64A0014BE5A /* Support */ = {
			isa = PBXGroup;
			children = (
				2FA769982109C9470014BE5A /* BaseFramework-Bridging-Header.h */,
			);
			path = Support;
			sourceTree = "<group>";
		};
		35DB882F31ABBC5DC44FF760 /* Pods */ = {
			isa = PBXGroup;
			children = (
				95794D4CEE91DA976377A15F /* Pods-BaseFramework.debug.xcconfig */,
				86B459FC6505AB857502F297 /* Pods-BaseFramework.release.xcconfig */,
			);
			name = Pods;
			sourceTree = "<group>";
		};
		5B01C8E8CF1E53BE8E9CDF11 /* Frameworks */ = {
			isa = PBXGroup;
			children = (
				B321C059C7DF8E283DE11269 /* Pods_BaseFramework.framework */,
			);
			name = Frameworks;
			sourceTree = "<group>";
		};
		680960C8240E232E005DF93E /* 广告页 */ = {
			isa = PBXGroup;
			children = (
				680960C9240E232E005DF93E /* ZLaunchAdImageView.swift */,
				680960CA240E232E005DF93E /* ZLaunchAd.swift */,
				680960CB240E232E005DF93E /* ZLaunchImageView.swift */,
				680960CC240E232E005DF93E /* ZLaunchAdCache.swift */,
				680960CD240E232E005DF93E /* ZLaunchAdConfig.swift */,
				680960CE240E232E005DF93E /* ZLaunchAdMD5.swift */,
				680960CF240E232E005DF93E /* ZLaunchLog.swift */,
				680960D0240E232E005DF93E /* ZLaunchAdWindow.swift */,
				680960D1240E232E005DF93E /* ZLaunchAdView.swift */,
				680960D2240E232E005DF93E /* ZLaunchAdButton.swift */,
				680960D3240E232E005DF93E /* ZLaunchAdAnimation.swift */,
			);
			path = "广告页";
			sourceTree = "<group>";
		};
		680960D4240E232E005DF93E /* 引导页 */ = {
			isa = PBXGroup;
			children = (
				680960D5240E232E005DF93E /* WelcomeView.h */,
				680960D6240E232E005DF93E /* WelcomeView.m */,
			);
			path = "引导页";
			sourceTree = "<group>";
		};
		68128AEE23D4373300C6D585 /* HKView */ = {
			isa = PBXGroup;
			children = (
				68128AEF23D4374000C6D585 /* HKView.swift */,
			);
			path = HKView;
			sourceTree = "<group>";
		};
		68306070239E26C200362C59 /* BaseView */ = {
			isa = PBXGroup;
			children = (
				68306071239E26D800362C59 /* HKBaseView.swift */,
			);
			path = BaseView;
			sourceTree = "<group>";
		};
		68914872239F682B00B5AA99 /* HKTextView */ = {
			isa = PBXGroup;
			children = (
				68914873239F683800B5AA99 /* HKTextView.swift */,
			);
			path = HKTextView;
			sourceTree = "<group>";
		};
/* End PBXGroup section */

/* Begin PBXNativeTarget section */
		2FA769592109C56E0014BE5A /* BaseFramework */ = {
			isa = PBXNativeTarget;
			buildConfigurationList = 2FA769822109C56F0014BE5A /* Build configuration list for PBXNativeTarget "BaseFramework" */;
			buildPhases = (
				7E853A0F16AD0CBF0D14B11B /* [CP] Check Pods Manifest.lock */,
				2FA769562109C56E0014BE5A /* Sources */,
				2FA769572109C56E0014BE5A /* Frameworks */,
				2FA769582109C56E0014BE5A /* Resources */,
				24D8D97088075B0DBDE1C538 /* [CP] Embed Pods Frameworks */,
			);
			buildRules = (
			);
			dependencies = (
			);
			name = BaseFramework;
			productName = BaseFramework;
			productReference = 2FA7695A2109C56E0014BE5A /* 百灵健康.app */;
			productType = "com.apple.product-type.application";
		};
		2FA7696D2109C56F0014BE5A /* BaseFrameworkTests */ = {
			isa = PBXNativeTarget;
			buildConfigurationList = 2FA769852109C56F0014BE5A /* Build configuration list for PBXNativeTarget "BaseFrameworkTests" */;
			buildPhases = (
				2FA7696A2109C56F0014BE5A /* Sources */,
				2FA7696B2109C56F0014BE5A /* Frameworks */,
				2FA7696C2109C56F0014BE5A /* Resources */,
			);
			buildRules = (
			);
			dependencies = (
				2FA769702109C56F0014BE5A /* PBXTargetDependency */,
			);
			name = BaseFrameworkTests;
			productName = BaseFrameworkTests;
			productReference = 2FA7696E2109C56F0014BE5A /* BaseFrameworkTests.xctest */;
			productType = "com.apple.product-type.bundle.unit-test";
		};
		2FA769782109C56F0014BE5A /* BaseFrameworkUITests */ = {
			isa = PBXNativeTarget;
			buildConfigurationList = 2FA769882109C56F0014BE5A /* Build configuration list for PBXNativeTarget "BaseFrameworkUITests" */;
			buildPhases = (
				2FA769752109C56F0014BE5A /* Sources */,
				2FA769762109C56F0014BE5A /* Frameworks */,
				2FA769772109C56F0014BE5A /* Resources */,
			);
			buildRules = (
			);
			dependencies = (
				2FA7697B2109C56F0014BE5A /* PBXTargetDependency */,
			);
			name = BaseFrameworkUITests;
			productName = BaseFrameworkUITests;
			productReference = 2FA769792109C56F0014BE5A /* BaseFrameworkUITests.xctest */;
			productType = "com.apple.product-type.bundle.ui-testing";
		};
/* End PBXNativeTarget section */

/* Begin PBXProject section */
		2FA769522109C56E0014BE5A /* Project object */ = {
			isa = PBXProject;
			attributes = {
				CLASSPREFIX = JK;
				LastSwiftUpdateCheck = 0930;
				LastUpgradeCheck = 1130;
				ORGANIZATIONNAME = "DH add LK.";
				TargetAttributes = {
					2FA769592109C56E0014BE5A = {
						CreatedOnToolsVersion = 9.3;
					};
					2FA7696D2109C56F0014BE5A = {
						CreatedOnToolsVersion = 9.3;
					};
					2FA769782109C56F0014BE5A = {
						CreatedOnToolsVersion = 9.3;
					};
				};
			};
			buildConfigurationList = 2FA769552109C56E0014BE5A /* Build configuration list for PBXProject "BaseFramework" */;
			compatibilityVersion = "Xcode 9.3";
			developmentRegion = en;
			hasScannedForEncodings = 0;
			knownRegions = (
				en,
				Base,
			);
			mainGroup = 2FA769512109C56E0014BE5A;
			productRefGroup = 2FA7695B2109C56E0014BE5A /* Products */;
			projectDirPath = "";
			projectRoot = "";
			targets = (
				2FA769592109C56E0014BE5A /* BaseFramework */,
				2FA7696D2109C56F0014BE5A /* BaseFrameworkTests */,
				2FA769782109C56F0014BE5A /* BaseFrameworkUITests */,
			);
		};
/* End PBXProject section */

/* Begin PBXResourcesBuildPhase section */
		2FA769582109C56E0014BE5A /* Resources */ = {
			isa = PBXResourcesBuildPhase;
			buildActionMask = 2147483647;
			files = (
				2FA769682109C56F0014BE5A /* LaunchScreen.storyboard in Resources */,
				04507C2623A357BC0086FE85 /* area.plist in Resources */,
				04477F30239A3A9D0044B7C4 /* Localizable.strings in Resources */,
				2FA769652109C56F0014BE5A /* Assets.xcassets in Resources */,
				2FA769632109C56E0014BE5A /* Main.storyboard in Resources */,
				0401A3DC23CFFF1D00D57346 /* launch_image1.gif in Resources */,
			);
			runOnlyForDeploymentPostprocessing = 0;
		};
		2FA7696C2109C56F0014BE5A /* Resources */ = {
			isa = PBXResourcesBuildPhase;
			buildActionMask = 2147483647;
			files = (
			);
			runOnlyForDeploymentPostprocessing = 0;
		};
		2FA769772109C56F0014BE5A /* Resources */ = {
			isa = PBXResourcesBuildPhase;
			buildActionMask = 2147483647;
			files = (
			);
			runOnlyForDeploymentPostprocessing = 0;
		};
/* End PBXResourcesBuildPhase section */

/* Begin PBXShellScriptBuildPhase section */
		24D8D97088075B0DBDE1C538 /* [CP] Embed Pods Frameworks */ = {
			isa = PBXShellScriptBuildPhase;
			buildActionMask = 2147483647;
			files = (
			);
			inputFileListPaths = (
				"${PODS_ROOT}/Target Support Files/Pods-BaseFramework/Pods-BaseFramework-frameworks-${CONFIGURATION}-input-files.xcfilelist",
			);
			name = "[CP] Embed Pods Frameworks";
			outputFileListPaths = (
				"${PODS_ROOT}/Target Support Files/Pods-BaseFramework/Pods-BaseFramework-frameworks-${CONFIGURATION}-output-files.xcfilelist",
			);
			runOnlyForDeploymentPostprocessing = 0;
			shellPath = /bin/sh;
			shellScript = "\"${PODS_ROOT}/Target Support Files/Pods-BaseFramework/Pods-BaseFramework-frameworks.sh\"\n";
			showEnvVarsInLog = 0;
		};
		7E853A0F16AD0CBF0D14B11B /* [CP] Check Pods Manifest.lock */ = {
			isa = PBXShellScriptBuildPhase;
			buildActionMask = 2147483647;
			files = (
			);
			inputPaths = (
				"${PODS_PODFILE_DIR_PATH}/Podfile.lock",
				"${PODS_ROOT}/Manifest.lock",
			);
			name = "[CP] Check Pods Manifest.lock";
			outputPaths = (
				"$(DERIVED_FILE_DIR)/Pods-BaseFramework-checkManifestLockResult.txt",
			);
			runOnlyForDeploymentPostprocessing = 0;
			shellPath = /bin/sh;
			shellScript = "diff \"${PODS_PODFILE_DIR_PATH}/Podfile.lock\" \"${PODS_ROOT}/Manifest.lock\" > /dev/null\nif [ $? != 0 ] ; then\n    # print error to STDERR\n    echo \"error: The sandbox is not in sync with the Podfile.lock. Run 'pod install' or update your CocoaPods installation.\" >&2\n    exit 1\nfi\n# This output is used by Xcode 'outputs' to avoid re-running this script phase.\necho \"SUCCESS\" > \"${SCRIPT_OUTPUT_FILE_0}\"\n";
			showEnvVarsInLog = 0;
		};
/* End PBXShellScriptBuildPhase section */

/* Begin PBXSourcesBuildPhase section */
		2FA769562109C56E0014BE5A /* Sources */ = {
			isa = PBXSourcesBuildPhase;
			buildActionMask = 2147483647;
			files = (
				04A80AC8239F2BFA00541C7D /* AppStyleConfiguration.swift in Sources */,
				685E00C023A223AD007C34D1 /* MyControl.swift in Sources */,
				6892EF65241A2A89006323F5 /* HKHttpManager.swift in Sources */,
				680960D9240E232E005DF93E /* ZLaunchImageView.swift in Sources */,
				04507C3623A35F4E0086FE85 /* LYPopMenuView.swift in Sources */,
				04477F34239A3A9D0044B7C4 /* ESTabBarItem.swift in Sources */,
				044764A02399379E005A4DFE /* Ext+UIView.swift in Sources */,
				044764B123993BC9005A4DFE /* HKAPIManager.swift in Sources */,
				04A80AC6239F20D400541C7D /* HKImageView.swift in Sources */,
				04476481239934EF005A4DFE /* LoginViewController.swift in Sources */,
				68128AF023D4374000C6D585 /* HKView.swift in Sources */,
				04F38F9023D454A300A9598E /* DHHomeCell.swift in Sources */,
				680960E1240E232E005DF93E /* ZLaunchAdAnimation.swift in Sources */,
				0410BCBF23CC5B0C00875FDE /* HKAccontCell.swift in Sources */,
				68306072239E26D800362C59 /* HKBaseView.swift in Sources */,
				04507C1923A22C770086FE85 /* HKTool.swift in Sources */,
				0401A3DA23CFF95A00D57346 /* HKStartAnimationView.swift in Sources */,
				68AB5C8123C86E450036FB80 /* BaseTableViewController.swift in Sources */,
				0447648323993543005A4DFE /* HKBaseViewController.swift in Sources */,
				680960DC240E232E005DF93E /* ZLaunchAdMD5.swift in Sources */,
				680960DE240E232E005DF93E /* ZLaunchAdWindow.swift in Sources */,
				04A80ABE239E437300541C7D /* UIView+BlockGesture.m in Sources */,
				044764A12399379E005A4DFE /* Ext+CGFloat.swift in Sources */,
				04507C3923A35F4E0086FE85 /* LYPopMenuStyle.swift in Sources */,
				044764A923993A2B005A4DFE /* HKLabel.swift in Sources */,
				680960D7240E232E005DF93E /* ZLaunchAdImageView.swift in Sources */,
				04507C3723A35F4E0086FE85 /* UIView+Rect.swift in Sources */,
				04477F32239A3A9D0044B7C4 /* ESTabBarController.swift in Sources */,
				0412E72723D526F900BC542D /* UIButton_EdgeInsetsStyle.m in Sources */,
				04477F37239A3A9D0044B7C4 /* ESTabBarItemContainer.swift in Sources */,
				682067A6239E221100A4B0D4 /* HKBaseTableViewCell.swift in Sources */,
				044764AD23993AFF005A4DFE /* BaseRequestURL.swift in Sources */,
				04477F43239A46950044B7C4 /* ExampleBasicContentView.swift in Sources */,
				04507C1423A22A730086FE85 /* BaseModel.swift in Sources */,
				04A80ACE239F33FE00541C7D /* UILabel+ChangeLineSpaceAndWordSpace.m in Sources */,
				04477F33239A3A9D0044B7C4 /* ESTabBarItemContentView.swift in Sources */,
				0447649C2399379E005A4DFE /* Ext+UITextField.swift in Sources */,
				0447647C23993308005A4DFE /* HKConfigPCH.swift in Sources */,
				04507C2B23A357BC0086FE85 /* EWAddressPresentAnimated.swift in Sources */,
				0447649E2399379E005A4DFE /* Ext+UIColor.swift in Sources */,
				04477F35239A3A9D0044B7C4 /* ESTabBarItemBadgeView.swift in Sources */,
				680960DF240E232E005DF93E /* ZLaunchAdView.swift in Sources */,
				680960D8240E232E005DF93E /* ZLaunchAd.swift in Sources */,
				043E6FBF24186976000033BF /* DHUserBaseClass.swift in Sources */,
				04477F36239A3A9D0044B7C4 /* ESTabBar.swift in Sources */,
				68128AF223D43FD400C6D585 /* HKBaseTableView.swift in Sources */,
				04A80ACB239F33F700541C7D /* UITextField+Blocks.m in Sources */,
				0447648723993599005A4DFE /* SecondViewController.swift in Sources */,
				04507C3823A35F4E0086FE85 /* LYPopMenuModel.swift in Sources */,
				6890E9CA239A6AF000C71B92 /* HKAutoFitConfig.swift in Sources */,
				04507C2A23A357BC0086FE85 /* EWAddressViewController.swift in Sources */,
				0410BCC123CC665700875FDE /* Cell.swift in Sources */,
				0447648523993572005A4DFE /* HomeViewController.swift in Sources */,
				04507C2723A357BC0086FE85 /* EWAddressModel.swift in Sources */,
				04F38F8E23D451B500A9598E /* DHHomeTopView.swift in Sources */,
				04477F31239A3A9D0044B7C4 /* ESTabBarItemMoreContentView.swift in Sources */,
				0425118B2418DBD800A4734F /* HKThemes.swift in Sources */,
				0447647F23993457005A4DFE /* HKNavigationController.swift in Sources */,
				0447649D2399379E005A4DFE /* Ext+UIDevice.swift in Sources */,
				04507C2923A357BC0086FE85 /* EWAddressPickView.swift in Sources */,
				042511892418DB1700A4734F /* HKThemeColor.swift in Sources */,
				044764A523993994005A4DFE /* HKProgressHUD.swift in Sources */,
				0447648B239935DB005A4DFE /* FourViewControlller.swift in Sources */,
				04A80AD9239F8B2200541C7D /* HKNSRange+String.swift in Sources */,
				04507C3523A35F4E0086FE85 /* LYPopMenuCell.swift in Sources */,
				04A80AC0239E462400541C7D /* SecondPushView.swift in Sources */,
				04F38F8423D41E8500A9598E /* FiveController.swift in Sources */,
				680960DB240E232E005DF93E /* ZLaunchAdConfig.swift in Sources */,
				685FFF8623B0650B009DDC25 /* HKRootViewController.swift in Sources */,
				6830606F239E243F00362C59 /* tableViewCell.swift in Sources */,
				68914874239F683800B5AA99 /* HKTextView.swift in Sources */,
				680960E2240E232E005DF93E /* WelcomeView.m in Sources */,
				68914871239F3EAA00B5AA99 /* HKTextField.swift in Sources */,
				042511832418AAF800A4734F /* HKDarkModeConfig.swift in Sources */,
				0447649F2399379E005A4DFE /* Ext+UIButton.swift in Sources */,
				04F38F8C23D4482200A9598E /* DHNavSeachView.swift in Sources */,
				04476478239931F1005A4DFE /* HKAppManager.swift in Sources */,
				043E6FC424186DC9000033BF /* HKUserModell.swift in Sources */,
				680960E0240E232E005DF93E /* ZLaunchAdButton.swift in Sources */,
				044764AA23993A2B005A4DFE /* HKButton.swift in Sources */,
				044764A22399379E005A4DFE /* Ext+UIImage.swift in Sources */,
				0412E72923D5371900BC542D /* DHHomeFootView.swift in Sources */,
				680960DA240E232E005DF93E /* ZLaunchAdCache.swift in Sources */,
				2FA7695E2109C56E0014BE5A /* AppDelegate.swift in Sources */,
				04476489239935BA005A4DFE /* ThreeViewController.swift in Sources */,
				04477F41239A46950044B7C4 /* ExampleBouncesContentView.swift in Sources */,
				04507C2823A357BC0086FE85 /* EWAddressPickViewTableViewCell.swift in Sources */,
				680960DD240E232E005DF93E /* ZLaunchLog.swift in Sources */,
				04507C1723A22B560086FE85 /* HKUserModel.swift in Sources */,
			);
			runOnlyForDeploymentPostprocessing = 0;
		};
		2FA7696A2109C56F0014BE5A /* Sources */ = {
			isa = PBXSourcesBuildPhase;
			buildActionMask = 2147483647;
			files = (
				2FA769732109C56F0014BE5A /* BaseFrameworkTests.swift in Sources */,
			);
			runOnlyForDeploymentPostprocessing = 0;
		};
		2FA769752109C56F0014BE5A /* Sources */ = {
			isa = PBXSourcesBuildPhase;
			buildActionMask = 2147483647;
			files = (
				2FA7697E2109C56F0014BE5A /* BaseFrameworkUITests.swift in Sources */,
			);
			runOnlyForDeploymentPostprocessing = 0;
		};
/* End PBXSourcesBuildPhase section */

/* Begin PBXTargetDependency section */
		2FA769702109C56F0014BE5A /* PBXTargetDependency */ = {
			isa = PBXTargetDependency;
			target = 2FA769592109C56E0014BE5A /* BaseFramework */;
			targetProxy = 2FA7696F2109C56F0014BE5A /* PBXContainerItemProxy */;
		};
		2FA7697B2109C56F0014BE5A /* PBXTargetDependency */ = {
			isa = PBXTargetDependency;
			target = 2FA769592109C56E0014BE5A /* BaseFramework */;
			targetProxy = 2FA7697A2109C56F0014BE5A /* PBXContainerItemProxy */;
		};
/* End PBXTargetDependency section */

/* Begin PBXVariantGroup section */
		04477F27239A3A9D0044B7C4 /* Localizable.strings */ = {
			isa = PBXVariantGroup;
			children = (
				04477F28239A3A9D0044B7C4 /* en */,
			);
			name = Localizable.strings;
			sourceTree = "<group>";
		};
		2FA769612109C56E0014BE5A /* Main.storyboard */ = {
			isa = PBXVariantGroup;
			children = (
				2FA769622109C56E0014BE5A /* Base */,
			);
			name = Main.storyboard;
			sourceTree = "<group>";
		};
		2FA769662109C56F0014BE5A /* LaunchScreen.storyboard */ = {
			isa = PBXVariantGroup;
			children = (
				2FA769672109C56F0014BE5A /* Base */,
			);
			name = LaunchScreen.storyboard;
			sourceTree = "<group>";
		};
/* End PBXVariantGroup section */

/* Begin XCBuildConfiguration section */
		2FA769802109C56F0014BE5A /* Debug */ = {
			isa = XCBuildConfiguration;
			buildSettings = {
				ALWAYS_SEARCH_USER_PATHS = NO;
				CLANG_ANALYZER_NONNULL = YES;
				CLANG_ANALYZER_NUMBER_OBJECT_CONVERSION = YES_AGGRESSIVE;
				CLANG_CXX_LANGUAGE_STANDARD = "gnu++14";
				CLANG_CXX_LIBRARY = "libc++";
				CLANG_ENABLE_MODULES = YES;
				CLANG_ENABLE_OBJC_ARC = YES;
				CLANG_ENABLE_OBJC_WEAK = YES;
				CLANG_WARN_BLOCK_CAPTURE_AUTORELEASING = YES;
				CLANG_WARN_BOOL_CONVERSION = YES;
				CLANG_WARN_COMMA = YES;
				CLANG_WARN_CONSTANT_CONVERSION = YES;
				CLANG_WARN_DEPRECATED_OBJC_IMPLEMENTATIONS = YES;
				CLANG_WARN_DIRECT_OBJC_ISA_USAGE = YES_ERROR;
				CLANG_WARN_DOCUMENTATION_COMMENTS = YES;
				CLANG_WARN_EMPTY_BODY = YES;
				CLANG_WARN_ENUM_CONVERSION = YES;
				CLANG_WARN_INFINITE_RECURSION = YES;
				CLANG_WARN_INT_CONVERSION = YES;
				CLANG_WARN_NON_LITERAL_NULL_CONVERSION = YES;
				CLANG_WARN_OBJC_IMPLICIT_RETAIN_SELF = YES;
				CLANG_WARN_OBJC_LITERAL_CONVERSION = YES;
				CLANG_WARN_OBJC_ROOT_CLASS = YES_ERROR;
				CLANG_WARN_RANGE_LOOP_ANALYSIS = YES;
				CLANG_WARN_STRICT_PROTOTYPES = YES;
				CLANG_WARN_SUSPICIOUS_MOVE = YES;
				CLANG_WARN_UNGUARDED_AVAILABILITY = YES_AGGRESSIVE;
				CLANG_WARN_UNREACHABLE_CODE = YES;
				CLANG_WARN__DUPLICATE_METHOD_MATCH = YES;
				CODE_SIGN_IDENTITY = "iPhone Developer";
				COPY_PHASE_STRIP = NO;
				DEBUG_INFORMATION_FORMAT = dwarf;
				ENABLE_STRICT_OBJC_MSGSEND = YES;
				ENABLE_TESTABILITY = YES;
				GCC_C_LANGUAGE_STANDARD = gnu11;
				GCC_DYNAMIC_NO_PIC = NO;
				GCC_NO_COMMON_BLOCKS = YES;
				GCC_OPTIMIZATION_LEVEL = 0;
				GCC_PREPROCESSOR_DEFINITIONS = (
					"DEBUG=1",
					"$(inherited)",
				);
				GCC_WARN_64_TO_32_BIT_CONVERSION = YES;
				GCC_WARN_ABOUT_RETURN_TYPE = YES_ERROR;
				GCC_WARN_UNDECLARED_SELECTOR = YES;
				GCC_WARN_UNINITIALIZED_AUTOS = YES_AGGRESSIVE;
				GCC_WARN_UNUSED_FUNCTION = YES;
				GCC_WARN_UNUSED_VARIABLE = YES;
				IPHONEOS_DEPLOYMENT_TARGET = 9.0;
				MTL_ENABLE_DEBUG_INFO = YES;
				ONLY_ACTIVE_ARCH = YES;
				SDKROOT = iphoneos;
				SWIFT_ACTIVE_COMPILATION_CONDITIONS = DEBUG;
				SWIFT_OPTIMIZATION_LEVEL = "-Onone";
			};
			name = Debug;
		};
		2FA769812109C56F0014BE5A /* Release */ = {
			isa = XCBuildConfiguration;
			buildSettings = {
				ALWAYS_SEARCH_USER_PATHS = NO;
				CLANG_ANALYZER_NONNULL = YES;
				CLANG_ANALYZER_NUMBER_OBJECT_CONVERSION = YES_AGGRESSIVE;
				CLANG_CXX_LANGUAGE_STANDARD = "gnu++14";
				CLANG_CXX_LIBRARY = "libc++";
				CLANG_ENABLE_MODULES = YES;
				CLANG_ENABLE_OBJC_ARC = YES;
				CLANG_ENABLE_OBJC_WEAK = YES;
				CLANG_WARN_BLOCK_CAPTURE_AUTORELEASING = YES;
				CLANG_WARN_BOOL_CONVERSION = YES;
				CLANG_WARN_COMMA = YES;
				CLANG_WARN_CONSTANT_CONVERSION = YES;
				CLANG_WARN_DEPRECATED_OBJC_IMPLEMENTATIONS = YES;
				CLANG_WARN_DIRECT_OBJC_ISA_USAGE = YES_ERROR;
				CLANG_WARN_DOCUMENTATION_COMMENTS = YES;
				CLANG_WARN_EMPTY_BODY = YES;
				CLANG_WARN_ENUM_CONVERSION = YES;
				CLANG_WARN_INFINITE_RECURSION = YES;
				CLANG_WARN_INT_CONVERSION = YES;
				CLANG_WARN_NON_LITERAL_NULL_CONVERSION = YES;
				CLANG_WARN_OBJC_IMPLICIT_RETAIN_SELF = YES;
				CLANG_WARN_OBJC_LITERAL_CONVERSION = YES;
				CLANG_WARN_OBJC_ROOT_CLASS = YES_ERROR;
				CLANG_WARN_RANGE_LOOP_ANALYSIS = YES;
				CLANG_WARN_STRICT_PROTOTYPES = YES;
				CLANG_WARN_SUSPICIOUS_MOVE = YES;
				CLANG_WARN_UNGUARDED_AVAILABILITY = YES_AGGRESSIVE;
				CLANG_WARN_UNREACHABLE_CODE = YES;
				CLANG_WARN__DUPLICATE_METHOD_MATCH = YES;
				CODE_SIGN_IDENTITY = "iPhone Developer";
				COPY_PHASE_STRIP = NO;
				DEBUG_INFORMATION_FORMAT = "dwarf-with-dsym";
				ENABLE_NS_ASSERTIONS = NO;
				ENABLE_STRICT_OBJC_MSGSEND = YES;
				GCC_C_LANGUAGE_STANDARD = gnu11;
				GCC_NO_COMMON_BLOCKS = YES;
				GCC_WARN_64_TO_32_BIT_CONVERSION = YES;
				GCC_WARN_ABOUT_RETURN_TYPE = YES_ERROR;
				GCC_WARN_UNDECLARED_SELECTOR = YES;
				GCC_WARN_UNINITIALIZED_AUTOS = YES_AGGRESSIVE;
				GCC_WARN_UNUSED_FUNCTION = YES;
				GCC_WARN_UNUSED_VARIABLE = YES;
				IPHONEOS_DEPLOYMENT_TARGET = 9.0;
				MTL_ENABLE_DEBUG_INFO = NO;
				SDKROOT = iphoneos;
				SWIFT_COMPILATION_MODE = wholemodule;
				SWIFT_OPTIMIZATION_LEVEL = "-O";
				VALIDATE_PRODUCT = YES;
			};
			name = Release;
		};
		2FA769832109C56F0014BE5A /* Debug */ = {
			isa = XCBuildConfiguration;
			baseConfigurationReference = 95794D4CEE91DA976377A15F /* Pods-BaseFramework.debug.xcconfig */;
			buildSettings = {
				ASSETCATALOG_COMPILER_APPICON_NAME = AppIcon;
				ASSETCATALOG_COMPILER_LAUNCHIMAGE_NAME = "";
				CODE_SIGN_IDENTITY = "iPhone Developer";
				CODE_SIGN_STYLE = Manual;
				CURRENT_PROJECT_VERSION = 1.0;
				DEVELOPMENT_TEAM = GFD2MWDV7L;
				GCC_PRECOMPILE_PREFIX_HEADER = YES;
				GCC_PREFIX_HEADER = "";
				INFOPLIST_FILE = BaseFramework/Info.plist;
				IPHONEOS_DEPLOYMENT_TARGET = 9.0;
				LD_RUNPATH_SEARCH_PATHS = (
					"$(inherited)",
					"@executable_path/Frameworks",
				);
				PRODUCT_BUNDLE_IDENTIFIER = DH.msunHealth.com;
				PRODUCT_NAME = "百灵健康";
				PROVISIONING_PROFILE = "516528a9-e17a-4091-8c8d-57ce15ddf302";
				PROVISIONING_PROFILE_SPECIFIER = DHMsunHealthDev;
				SWIFT_OBJC_BRIDGING_HEADER = "$(SRCROOT)/BaseFramework/Support/BaseFramework-Bridging-Header.h";
				SWIFT_VERSION = 5.0;
				TARGETED_DEVICE_FAMILY = 1;
			};
			name = Debug;
		};
		2FA769842109C56F0014BE5A /* Release */ = {
			isa = XCBuildConfiguration;
			baseConfigurationReference = 86B459FC6505AB857502F297 /* Pods-BaseFramework.release.xcconfig */;
			buildSettings = {
				ASSETCATALOG_COMPILER_APPICON_NAME = AppIcon;
				ASSETCATALOG_COMPILER_LAUNCHIMAGE_NAME = "";
				CODE_SIGN_IDENTITY = "iPhone Distribution";
				CODE_SIGN_STYLE = Manual;
				CURRENT_PROJECT_VERSION = 1.0;
				DEVELOPMENT_TEAM = GFD2MWDV7L;
				GCC_PRECOMPILE_PREFIX_HEADER = YES;
				GCC_PREFIX_HEADER = "";
				INFOPLIST_FILE = BaseFramework/Info.plist;
				IPHONEOS_DEPLOYMENT_TARGET = 9.0;
				LD_RUNPATH_SEARCH_PATHS = (
					"$(inherited)",
					"@executable_path/Frameworks",
				);
				PRODUCT_BUNDLE_IDENTIFIER = DH.msunHealth.com;
				PRODUCT_NAME = "百灵健康";
				PROVISIONING_PROFILE = "516528a9-e17a-4091-8c8d-57ce15ddf302";
				PROVISIONING_PROFILE_SPECIFIER = DHMsunHealthDis;
				SWIFT_OBJC_BRIDGING_HEADER = "$(SRCROOT)/BaseFramework/Support/BaseFramework-Bridging-Header.h";
				SWIFT_VERSION = 5.0;
				TARGETED_DEVICE_FAMILY = 1;
			};
			name = Release;
		};
		2FA769862109C56F0014BE5A /* Debug */ = {
			isa = XCBuildConfiguration;
			buildSettings = {
				ALWAYS_EMBED_SWIFT_STANDARD_LIBRARIES = YES;
				CODE_SIGN_STYLE = Automatic;
				DEVELOPMENT_TEAM = ZYC4CW9KJV;
				INFOPLIST_FILE = BaseFrameworkTests/Info.plist;
				LD_RUNPATH_SEARCH_PATHS = (
					"$(inherited)",
					"@executable_path/Frameworks",
					"@loader_path/Frameworks",
				);
				PRODUCT_BUNDLE_IDENTIFIER = com.idmei.service.BaseFrameworkTests;
				PRODUCT_NAME = "$(TARGET_NAME)";
				SWIFT_VERSION = 4.0;
				TARGETED_DEVICE_FAMILY = "1,2";
			};
			name = Debug;
		};
		2FA769872109C56F0014BE5A /* Release */ = {
			isa = XCBuildConfiguration;
			buildSettings = {
				ALWAYS_EMBED_SWIFT_STANDARD_LIBRARIES = YES;
				CODE_SIGN_STYLE = Automatic;
				DEVELOPMENT_TEAM = ZYC4CW9KJV;
				INFOPLIST_FILE = BaseFrameworkTests/Info.plist;
				LD_RUNPATH_SEARCH_PATHS = (
					"$(inherited)",
					"@executable_path/Frameworks",
					"@loader_path/Frameworks",
				);
				PRODUCT_BUNDLE_IDENTIFIER = com.idmei.service.BaseFrameworkTests;
				PRODUCT_NAME = "$(TARGET_NAME)";
				SWIFT_VERSION = 4.0;
				TARGETED_DEVICE_FAMILY = "1,2";
			};
			name = Release;
		};
		2FA769892109C56F0014BE5A /* Debug */ = {
			isa = XCBuildConfiguration;
			buildSettings = {
				ALWAYS_EMBED_SWIFT_STANDARD_LIBRARIES = YES;
				CODE_SIGN_STYLE = Automatic;
				DEVELOPMENT_TEAM = ZYC4CW9KJV;
				INFOPLIST_FILE = BaseFrameworkUITests/Info.plist;
				LD_RUNPATH_SEARCH_PATHS = (
					"$(inherited)",
					"@executable_path/Frameworks",
					"@loader_path/Frameworks",
				);
				PRODUCT_BUNDLE_IDENTIFIER = com.idmei.service.BaseFrameworkUITests;
				PRODUCT_NAME = "$(TARGET_NAME)";
				PROVISIONING_PROFILE = "";
				SWIFT_VERSION = 4.0;
				TARGETED_DEVICE_FAMILY = "1,2";
			};
			name = Debug;
		};
		2FA7698A2109C56F0014BE5A /* Release */ = {
			isa = XCBuildConfiguration;
			buildSettings = {
				ALWAYS_EMBED_SWIFT_STANDARD_LIBRARIES = YES;
				CODE_SIGN_STYLE = Automatic;
				DEVELOPMENT_TEAM = ZYC4CW9KJV;
				INFOPLIST_FILE = BaseFrameworkUITests/Info.plist;
				LD_RUNPATH_SEARCH_PATHS = (
					"$(inherited)",
					"@executable_path/Frameworks",
					"@loader_path/Frameworks",
				);
				PRODUCT_BUNDLE_IDENTIFIER = com.idmei.service.BaseFrameworkUITests;
				PRODUCT_NAME = "$(TARGET_NAME)";
				PROVISIONING_PROFILE = "";
				SWIFT_VERSION = 4.0;
				TARGETED_DEVICE_FAMILY = "1,2";
			};
			name = Release;
		};
/* End XCBuildConfiguration section */

/* Begin XCConfigurationList section */
		2FA769552109C56E0014BE5A /* Build configuration list for PBXProject "BaseFramework" */ = {
			isa = XCConfigurationList;
			buildConfigurations = (
				2FA769802109C56F0014BE5A /* Debug */,
				2FA769812109C56F0014BE5A /* Release */,
			);
			defaultConfigurationIsVisible = 0;
			defaultConfigurationName = Release;
		};
		2FA769822109C56F0014BE5A /* Build configuration list for PBXNativeTarget "BaseFramework" */ = {
			isa = XCConfigurationList;
			buildConfigurations = (
				2FA769832109C56F0014BE5A /* Debug */,
				2FA769842109C56F0014BE5A /* Release */,
			);
			defaultConfigurationIsVisible = 0;
			defaultConfigurationName = Release;
		};
		2FA769852109C56F0014BE5A /* Build configuration list for PBXNativeTarget "BaseFrameworkTests" */ = {
			isa = XCConfigurationList;
			buildConfigurations = (
				2FA769862109C56F0014BE5A /* Debug */,
				2FA769872109C56F0014BE5A /* Release */,
			);
			defaultConfigurationIsVisible = 0;
			defaultConfigurationName = Release;
		};
		2FA769882109C56F0014BE5A /* Build configuration list for PBXNativeTarget "BaseFrameworkUITests" */ = {
			isa = XCConfigurationList;
			buildConfigurations = (
				2FA769892109C56F0014BE5A /* Debug */,
				2FA7698A2109C56F0014BE5A /* Release */,
			);
			defaultConfigurationIsVisible = 0;
			defaultConfigurationName = Release;
		};
/* End XCConfigurationList section */
	};
	rootObject = 2FA769522109C56E0014BE5A /* Project object */;
}
